{
  "nodes": {
    "dgx": {
      "flake": false,
      "locked": {
        "host": "gitlab-master.nvidia.com",
        "lastModified": 1773356459,
        "narHash": "sha256-8F1y4SCh1GHL2AWg8mYPqFcyzspEe7gOH8E4tsKl2/c=",
        "owner": "dsampliner",
        "repo": "nix-config",
        "rev": "36e51d70c167ec8bfc2bf6220342fe01f05d8c5d",
        "type": "gitlab"
      },
      "original": {
        "host": "gitlab-master.nvidia.com",
        "owner": "dsampliner",
        "repo": "nix-config",
        "type": "gitlab"
      }
    },
    "flake-parts": {
      "inputs": {
        "nixpkgs-lib": [
          "unstable"
        ]
      },
      "locked": {
        "lastModified": 1772408722,
        "narHash": "sha256-rHuJtdcOjK7rAHpHphUb1iCvgkU3GpfvicLMwwnfMT0=",
        "owner": "hercules-ci",
        "repo": "flake-parts",
        "rev": "f20dc5d9b8027381c474144ecabc9034d6a839a3",
        "type": "github"
      },
      "original": {
        "owner": "hercules-ci",
        "repo": "flake-parts",
        "type": "github"
      }
    },
    "home-manager": {
      "inputs": {
        "nixpkgs": [
          "nixpkgs"
        ]
      },
      "locked": {
        "lastModified": 1774875830,
        "narHash": "sha256-WPYlTmZvVa9dWlAziFkVjBdv1Z6giNIq40O1DxsBmiI=",
        "owner": "nix-community",
        "repo": "home-manager",
        "rev": "7afd8cebb99e25a64a745765920e663478eb8830",
        "type": "github"
      },
      "original": {
        "owner": "nix-community",
        "ref": "release-25.11",
        "repo": "home-manager",
        "type": "github"
      }
    },
    "nixpkgs": {
      "locked": {
        "lastModified": 1775002709,
        "narHash": "sha256-vlvwrjvFcSxe1YrXUeF0/sjpj1TO/I3/4ILGsIOJWYw=",
        "rev": "bcd464ccd2a1a7cd09aa2f8d4ffba83b761b1d0e",
        "type": "tarball",
        "url": "https://releases.nixos.org/nixos/25.11/nixos-25.11.8478.bcd464ccd2a1/nixexprs.tar.xz?lastModified=1775002709&rev=bcd464ccd2a1a7cd09aa2f8d4ffba83b761b1d0e"
      },
      "original": {
        "type": "tarball",
        "url": "https://channels.nixos.org/nixos-25.11/nixexprs.tar.xz"
      }
    },
    "root": {
      "inputs": {
        "dgx": "dgx",
        "flake-parts": "flake-parts",
        "home-manager": "home-manager",
        "nixpkgs": "nixpkgs",
        "treefmt-nix": "treefmt-nix",
        "unstable": "unstable"
      }
    },
    "treefmt-nix": {
      "inputs": {
        "nixpkgs": [
          "unstable"
        ]
      },
      "locked": {
        "lastModified": 1773297127,
        "narHash": "sha256-6E/yhXP7Oy/NbXtf1ktzmU8SdVqJQ09HC/48ebEGBpk=",
        "owner": "numtide",
        "repo": "treefmt-nix",
        "rev": "71b125cd05fbfd78cab3e070b73544abe24c5016",
        "type": "github"
      },
      "original": {
        "owner": "numtide",
        "repo": "treefmt-nix",
        "type": "github"
      }
    },
    "unstable": {
      "locked": {
        "lastModified": 1774709303,
        "narHash": "sha256-D4ely1FsBcvtj/qSrNhSWpq+CUZKNiKwJIxpxnfy9o4=",
        "rev": "8110df5ad7abf5d4c0f6fb0f8f978390e77f9685",
        "type": "tarball",
        "url": "https://releases.nixos.org/nixos/unstable/nixos-26.05pre971119.8110df5ad7ab/nixexprs.tar.xz?lastModified=1774709303&rev=8110df5ad7abf5d4c0f6fb0f8f978390e77f9685"
      },
      "original": {
        "type": "tarball",
        "url": "https://channels.nixos.org/nixos-unstable/nixexprs.tar.xz"
      }
    }
  },
  "root": "root",
  "version": 7
}
