{
  "com.android.tools:r8:8.5.35": {
    "r8-8.5.35.jar": {
      "url": "https://dl.google.com/dl/android/maven2/com/android/tools/r8/8.5.35/r8-8.5.35.jar",
      "hash": "sha256-RzOUWYfuCoQPr8NAgLE1JZ4BZ4QS4HISsj9wYzQpApQ="
    },
    "r8-8.5.35.pom": {
      "url": "https://dl.google.com/dl/android/maven2/com/android/tools/r8/8.5.35/r8-8.5.35.pom",
      "hash": "sha256-TLjWOP0OcJotPIki+p7OqFY/I+FGr2Z8IAmM9N2RGwg="
    }
  },
  "com.google.auto.value:auto-value-annotations:1.11.0": {
    "auto-value-annotations-1.11.0.jar": {
      "url": "https://repo.maven.apache.org/maven2/com/google/auto/value/auto-value-annotations/1.11.0/auto-value-annotations-1.11.0.jar",
      "hash": "sha256-WgVc5CVTM7M0bhqHA9pb+P8ElTIob9zTFxLWJKvhEd0="
    },
    "auto-value-annotations-1.11.0.pom": {
      "url": "https://repo.maven.apache.org/maven2/com/google/auto/value/auto-value-annotations/1.11.0/auto-value-annotations-1.11.0.pom",
      "hash": "sha256-KuwW406j4BFiGgMi9PNvj5v5iLtURitVcJduieoHsSI="
    }
  },
  "com.google.auto.value:auto-value-parent:1.11.0": {
    "auto-value-parent-1.11.0.pom": {
      "url": "https://repo.maven.apache.org/maven2/com/google/auto/value/auto-value-parent/1.11.0/auto-value-parent-1.11.0.pom",
      "hash": "sha256-Wg0dcYVS6KRdzOASjRtrliP6lxqCzSRXUyM7pyCMsp0="
    }
  },
  "com.google.code.findbugs:jsr305:3.0.2": {
    "jsr305-3.0.2.jar": {
      "url": "https://repo.maven.apache.org/maven2/com/google/code/findbugs/jsr305/3.0.2/jsr305-3.0.2.jar",
      "hash": "sha256-dmrSoHg/JoeWLIrXTO7MOKKLn3Ki0IXuQ4t4E+ko0Mc="
    },
    "jsr305-3.0.2.pom": {
      "url": "https://repo.maven.apache.org/maven2/com/google/code/findbugs/jsr305/3.0.2/jsr305-3.0.2.pom",
      "hash": "sha256-GYidvfGyVLJgGl7mRbgUepdGRIgil2hMeYr+XWPXjf4="
    }
  },
  "com.google.code.gson:gson:2.8.9": {
    "gson-2.8.9.jar": {
      "url": "https://repo.maven.apache.org/maven2/com/google/code/gson/gson/2.8.9/gson-2.8.9.jar",
      "hash": "sha256-05mSkYVd5JXJTHQ3YbirUXbP6r4oGlqw2OjUUyb9cD4="
    },
    "gson-2.8.9.pom": {
      "url": "https://repo.maven.apache.org/maven2/com/google/code/gson/gson/2.8.9/gson-2.8.9.pom",
      "hash": "sha256-r97W5qaQ+/OtSuZa2jl/CpCl9jCzA9G3QbnJeSb91N4="
    }
  },
  "com.google.code.gson:gson-parent:2.8.9": {
    "gson-parent-2.8.9.pom": {
      "url": "https://repo.maven.apache.org/maven2/com/google/code/gson/gson-parent/2.8.9/gson-parent-2.8.9.pom",
      "hash": "sha256-sW4CbmNCfBlyrQ/GhwPsN5sVduQRuknDL6mjGrC7z/s="
    }
  },
  "com.google.errorprone:error_prone_annotations:2.28.0": {
    "error_prone_annotations-2.28.0.jar": {
      "url": "https://repo.maven.apache.org/maven2/com/google/errorprone/error_prone_annotations/2.28.0/error_prone_annotations-2.28.0.jar",
      "hash": "sha256-8/yKOgpAIHBqNzsA5/V8JRLdJtH4PSjH04do+GgrIx4="
    },
    "error_prone_annotations-2.28.0.pom": {
      "url": "https://repo.maven.apache.org/maven2/com/google/errorprone/error_prone_annotations/2.28.0/error_prone_annotations-2.28.0.pom",
      "hash": "sha256-DOkJ8TpWgUhHbl7iAPOA+Yx1ugiXGq8V2ylet3WY7zo="
    }
  },
  "com.google.errorprone:error_prone_parent:2.28.0": {
    "error_prone_parent-2.28.0.pom": {
      "url": "https://repo.maven.apache.org/maven2/com/google/errorprone/error_prone_parent/2.28.0/error_prone_parent-2.28.0.pom",
      "hash": "sha256-rM79u1QWzvX80t3DfbTx/LNKIZPMGlXf5ZcKExs+doM="
    }
  },
  "com.google.guava:failureaccess:1.0.2": {
    "failureaccess-1.0.2.jar": {
      "url": "https://repo.maven.apache.org/maven2/com/google/guava/failureaccess/1.0.2/failureaccess-1.0.2.jar",
      "hash": "sha256-io+Bz5s1nj9t+mkaHndphcBh7y8iPJssgHU+G0WOgGQ="
    },
    "failureaccess-1.0.2.pom": {
      "url": "https://repo.maven.apache.org/maven2/com/google/guava/failureaccess/1.0.2/failureaccess-1.0.2.pom",
      "hash": "sha256-GevG9L207bs9B7bumU+Ea1TvKVWCqbVjRxn/qfMdA7I="
    }
  },
  "com.google.guava:guava:33.2.1-android": {
    "../33.2.1-jre/guava-33.2.1-jre.jar": {
      "url": "https://repo.maven.apache.org/maven2/com/google/guava/guava/33.2.1-jre/guava-33.2.1-jre.jar",
      "hash": "sha256-RSstl4e302b6jPXtmhxAQEVC0F7/p6WY2gO7u7dtnzE="
    },
    "guava-33.2.1-android.module": {
      "url": "https://repo.maven.apache.org/maven2/com/google/guava/guava/33.2.1-android/guava-33.2.1-android.module",
      "hash": "sha256-LWonjbAyw+pgOvz1mEVo0rZVZgwnvO0jL6TCxp7UULs="
    },
    "guava-33.2.1-android.pom": {
      "url": "https://repo.maven.apache.org/maven2/com/google/guava/guava/33.2.1-android/guava-33.2.1-android.pom",
      "hash": "sha256-Ay5RBGgjJbBC8SFALYp8EbnT/v3ykgrEg1NqgDGtw2s="
    }
  },
  "com.google.guava:guava-parent:33.2.1-android": {
    "guava-parent-33.2.1-android.pom": {
      "url": "https://repo.maven.apache.org/maven2/com/google/guava/guava-parent/33.2.1-android/guava-parent-33.2.1-android.pom",
      "hash": "sha256-WvKHot63QfOMJKCzkKejiPruXXzw7cTHt7mFWaXyn78="
    }
  },
  "com.google.guava:guava-parent:26.0-android": {
    "guava-parent-26.0-android.pom": {
      "url": "https://repo.maven.apache.org/maven2/com/google/guava/guava-parent/26.0-android/guava-parent-26.0-android.pom",
      "hash": "sha256-+GmKtGypls6InBr8jKTyXrisawNNyJjUWDdCNgAWzAQ="
    }
  },
  "com.google.guava:listenablefuture:9999.0-empty-to-avoid-conflict-with-guava": {
    "listenablefuture-9999.0-empty-to-avoid-conflict-with-guava.jar": {
      "url": "https://repo.maven.apache.org/maven2/com/google/guava/listenablefuture/9999.0-empty-to-avoid-conflict-with-guava/listenablefuture-9999.0-empty-to-avoid-conflict-with-guava.jar",
      "hash": "sha256-s3KgN9QjCqV/vv/e8w/WEj+cDC24XQrO0AyRuXTzP5k="
    },
    "listenablefuture-9999.0-empty-to-avoid-conflict-with-guava.pom": {
      "url": "https://repo.maven.apache.org/maven2/com/google/guava/listenablefuture/9999.0-empty-to-avoid-conflict-with-guava/listenablefuture-9999.0-empty-to-avoid-conflict-with-guava.pom",
      "hash": "sha256-GNSx2yYVPU5VB5zh92ux/gXNuGLvmVSojLzE/zi4Z5s="
    }
  },
  "com.google.j2objc:j2objc-annotations:3.0.0": {
    "j2objc-annotations-3.0.0.jar": {
      "url": "https://repo.maven.apache.org/maven2/com/google/j2objc/j2objc-annotations/3.0.0/j2objc-annotations-3.0.0.jar",
      "hash": "sha256-iCQVc0Z93KRP/U10qgTCu/0Rv3wX4MNCyUyd56cKfGQ="
    },
    "j2objc-annotations-3.0.0.pom": {
      "url": "https://repo.maven.apache.org/maven2/com/google/j2objc/j2objc-annotations/3.0.0/j2objc-annotations-3.0.0.pom",
      "hash": "sha256-I7PQOeForYndEUaY5t1744P0osV3uId9gsc6ZRXnShc="
    }
  },
  "com.google.truth:truth:1.4.4": {
    "truth-1.4.4.jar": {
      "url": "https://repo.maven.apache.org/maven2/com/google/truth/truth/1.4.4/truth-1.4.4.jar",
      "hash": "sha256-Ushs3a3DG8hFfB4VaJ/Gt14ul84qg9i1S3ldVW1In4w="
    },
    "truth-1.4.4.pom": {
      "url": "https://repo.maven.apache.org/maven2/com/google/truth/truth/1.4.4/truth-1.4.4.pom",
      "hash": "sha256-3vXdxr+jSkfcM2ldtzCbisoU/VVp39bRGum8CEMY7iY="
    }
  },
  "com.google.truth:truth-parent:1.4.4": {
    "truth-parent-1.4.4.pom": {
      "url": "https://repo.maven.apache.org/maven2/com/google/truth/truth-parent/1.4.4/truth-parent-1.4.4.pom",
      "hash": "sha256-Kclz8PzjFysbGLx8m+L73H6h8PoIAWOeR36ltm7rtJ0="
    }
  },
  "com.squareup.moshi:moshi:1.15.1": {
    "moshi-1.15.1.jar": {
      "url": "https://repo.maven.apache.org/maven2/com/squareup/moshi/moshi/1.15.1/moshi-1.15.1.jar",
      "hash": "sha256-RqERj+H8EnI6V1yUEz/Ik23MeNP4hzwOcKBV3p5YYaY="
    },
    "moshi-1.15.1.module": {
      "url": "https://repo.maven.apache.org/maven2/com/squareup/moshi/moshi/1.15.1/moshi-1.15.1.module",
      "hash": "sha256-Zx9TVaun2f6mS+FONx/ClcNNq/hy0hCSS/DbQpHW73Q="
    },
    "moshi-1.15.1.pom": {
      "url": "https://repo.maven.apache.org/maven2/com/squareup/moshi/moshi/1.15.1/moshi-1.15.1.pom",
      "hash": "sha256-C4GbZHlZ52n2+7F+rZvm4F/tDCYRtFT1gAoIbC9IdjA="
    }
  },
  "com.squareup.okio:okio:3.9.1": {
    "okio-3.9.1.jar": {
      "url": "https://repo.maven.apache.org/maven2/com/squareup/okio/okio/3.9.1/okio-3.9.1.jar",
      "hash": "sha256-mcjrvEmV8p3ViwXXVYP8yLlX2yHu64xdiXM/DTSVWJc="
    },
    "okio-3.9.1.module": {
      "url": "https://repo.maven.apache.org/maven2/com/squareup/okio/okio/3.9.1/okio-3.9.1.module",
      "hash": "sha256-m5C0J0pa1gLdV01tS0iQNmOy3ppgufw0AiSCk9hD4SE="
    },
    "okio-3.9.1.pom": {
      "url": "https://repo.maven.apache.org/maven2/com/squareup/okio/okio/3.9.1/okio-3.9.1.pom",
      "hash": "sha256-06DDd+epr8zbsCqrXgUNwhL/2pQNvUcOo5cSpDQt8I4="
    }
  },
  "com.squareup.okio:okio-jvm:3.9.1": {
    "okio-jvm-3.9.1.jar": {
      "url": "https://repo.maven.apache.org/maven2/com/squareup/okio/okio-jvm/3.9.1/okio-jvm-3.9.1.jar",
      "hash": "sha256-/m/pE3j5v6ewjDhkgozkGABc8orMoS6IR+tlxWXDdQA="
    },
    "okio-jvm-3.9.1.module": {
      "url": "https://repo.maven.apache.org/maven2/com/squareup/okio/okio-jvm/3.9.1/okio-jvm-3.9.1.module",
      "hash": "sha256-sK+pGSxC18Rj3jjWMlk2xpAdnjtxSXNf/RihHfMQNKs="
    },
    "okio-jvm-3.9.1.pom": {
      "url": "https://repo.maven.apache.org/maven2/com/squareup/okio/okio-jvm/3.9.1/okio-jvm-3.9.1.pom",
      "hash": "sha256-VXZInO8kBTNoAPxt6VhUU18zVxpO/lpa0OybmwkNIdU="
    }
  },
  "junit:junit:4.13.2": {
    "junit-4.13.2.jar": {
      "url": "https://repo.maven.apache.org/maven2/junit/junit/4.13.2/junit-4.13.2.jar",
      "hash": "sha256-jklbY0Rp1k+4rPo0laBly6zIoP/1XOHjEAe+TBbcV9M="
    },
    "junit-4.13.2.pom": {
      "url": "https://repo.maven.apache.org/maven2/junit/junit/4.13.2/junit-4.13.2.pom",
      "hash": "sha256-Vptpd+5GA8llwcRsMFj6bpaSkbAWDraWTdCSzYnq3ZQ="
    }
  },
  "org.checkerframework:checker-qual:3.42.0": {
    "checker-qual-3.42.0.jar": {
      "url": "https://repo.maven.apache.org/maven2/org/checkerframework/checker-qual/3.42.0/checker-qual-3.42.0.jar",
      "hash": "sha256-zK7dM68LeJTZ8vO2RPTRnkOSjjKQLmGsTRB3eDD1qsc="
    },
    "checker-qual-3.42.0.module": {
      "url": "https://repo.maven.apache.org/maven2/org/checkerframework/checker-qual/3.42.0/checker-qual-3.42.0.module",
      "hash": "sha256-4PpiK33mPq4RBH726RtMKtDx8OE8uQP/UggKR/V6V0Y="
    },
    "checker-qual-3.42.0.pom": {
      "url": "https://repo.maven.apache.org/maven2/org/checkerframework/checker-qual/3.42.0/checker-qual-3.42.0.pom",
      "hash": "sha256-v1/KqycvVMvPG753w72WPIIcmrrSBYcIvwvtPIdUlMo="
    }
  },
  "org.hamcrest:hamcrest-core:1.3": {
    "hamcrest-core-1.3.jar": {
      "url": "https://repo.maven.apache.org/maven2/org/hamcrest/hamcrest-core/1.3/hamcrest-core-1.3.jar",
      "hash": "sha256-Zv3vkelzk0jfeglqo4SlaF9Oh1WEzOiThqekclHE2Ok="
    },
    "hamcrest-core-1.3.pom": {
      "url": "https://repo.maven.apache.org/maven2/org/hamcrest/hamcrest-core/1.3/hamcrest-core-1.3.pom",
      "hash": "sha256-/eOGp5BRc6GxA95quCBydYS1DQ4yKC4nl3h8IKZP+pM="
    }
  },
  "org.hamcrest:hamcrest-parent:1.3": {
    "hamcrest-parent-1.3.pom": {
      "url": "https://repo.maven.apache.org/maven2/org/hamcrest/hamcrest-parent/1.3/hamcrest-parent-1.3.pom",
      "hash": "sha256-bVNflO+2Y722gsnyelAzU5RogAlkK6epZ3UEvBvkEps="
    }
  },
  "org.jetbrains:annotations:13.0": {
    "annotations-13.0.jar": {
      "url": "https://repo.maven.apache.org/maven2/org/jetbrains/annotations/13.0/annotations-13.0.jar",
      "hash": "sha256-rOKhDcji1f00kl7KwD5JiLLA+FFlDJS4zvSbob0RFHg="
    },
    "annotations-13.0.pom": {
      "url": "https://repo.maven.apache.org/maven2/org/jetbrains/annotations/13.0/annotations-13.0.pom",
      "hash": "sha256-llrrK+3/NpgZvd4b96CzuJuCR91pyIuGN112Fju4w5c="
    }
  },
  "org.jetbrains.intellij.deps:trove4j:1.0.20200330": {
    "trove4j-1.0.20200330.jar": {
      "url": "https://repo.maven.apache.org/maven2/org/jetbrains/intellij/deps/trove4j/1.0.20200330/trove4j-1.0.20200330.jar",
      "hash": "sha256-xf1yW/+rUYRr88d9sTg8YKquv+G3/i8A0j/ht98KQ50="
    },
    "trove4j-1.0.20200330.pom": {
      "url": "https://repo.maven.apache.org/maven2/org/jetbrains/intellij/deps/trove4j/1.0.20200330/trove4j-1.0.20200330.pom",
      "hash": "sha256-h3IcuqZaPJfYsbqdIHhA8WTJ/jh1n8nqEP/iZWX40+k="
    }
  },
  "org.jetbrains.kotlin:kotlin-build-common:2.0.21": {
    "kotlin-build-common-2.0.21.jar": {
      "url": "https://repo.maven.apache.org/maven2/org/jetbrains/kotlin/kotlin-build-common/2.0.21/kotlin-build-common-2.0.21.jar",
      "hash": "sha256-cLmHScMJc9O3YhCL37mROSB4swhzCKzTwa0zqg9GIV0="
    },
    "kotlin-build-common-2.0.21.pom": {
      "url": "https://repo.maven.apache.org/maven2/org/jetbrains/kotlin/kotlin-build-common/2.0.21/kotlin-build-common-2.0.21.pom",
      "hash": "sha256-qNP7huk2cgYkCh2+6LMBCteRP+oY+9Rtv2EB+Yvj4V0="
    }
  },
  "org.jetbrains.kotlin:kotlin-build-statistics:2.0.21": {
    "kotlin-build-statistics-2.0.21.jar": {
      "url": "https://repo.maven.apache.org/maven2/org/jetbrains/kotlin/kotlin-build-statistics/2.0.21/kotlin-build-statistics-2.0.21.jar",
      "hash": "sha256-gBILdN8DYz1veeCIZBMe7jt6dIb2wF0vLtyGg3U8VNo="
    },
    "kotlin-build-statistics-2.0.21.pom": {
      "url": "https://repo.maven.apache.org/maven2/org/jetbrains/kotlin/kotlin-build-statistics/2.0.21/kotlin-build-statistics-2.0.21.pom",
      "hash": "sha256-/iTcYG/sg+yY3Qi8i7HPmeVAXejpF8URnVoMt++sVZ0="
    }
  },
  "org.jetbrains.kotlin:kotlin-build-tools-api:2.0.21": {
    "kotlin-build-tools-api-2.0.21.jar": {
      "url": "https://repo.maven.apache.org/maven2/org/jetbrains/kotlin/kotlin-build-tools-api/2.0.21/kotlin-build-tools-api-2.0.21.jar",
      "hash": "sha256-j8orSvbEzyRWXZp/ZMMXhIlRjQSeEGmB22cY7yLK4Y4="
    },
    "kotlin-build-tools-api-2.0.21.pom": {
      "url": "https://repo.maven.apache.org/maven2/org/jetbrains/kotlin/kotlin-build-tools-api/2.0.21/kotlin-build-tools-api-2.0.21.pom",
      "hash": "sha256-zL2XaTA2Y0gWKVGY5JRFNPr7c9d4+M1NQ588h7CQ9JQ="
    }
  },
  "org.jetbrains.kotlin:kotlin-build-tools-impl:2.0.21": {
    "kotlin-build-tools-impl-2.0.21.jar": {
      "url": "https://repo.maven.apache.org/maven2/org/jetbrains/kotlin/kotlin-build-tools-impl/2.0.21/kotlin-build-tools-impl-2.0.21.jar",
      "hash": "sha256-um6iTa7URxf1AwcqkcWbDafpyvAAK9DsG+dzKUwSfcs="
    },
    "kotlin-build-tools-impl-2.0.21.pom": {
      "url": "https://repo.maven.apache.org/maven2/org/jetbrains/kotlin/kotlin-build-tools-impl/2.0.21/kotlin-build-tools-impl-2.0.21.pom",
      "hash": "sha256-epPI22tqqFtPyvD0jKcBa5qEzSOWoGUreumt52eaTkE="
    }
  },
  "org.jetbrains.kotlin:kotlin-compiler-embeddable:2.0.21": {
    "kotlin-compiler-embeddable-2.0.21.jar": {
      "url": "https://repo.maven.apache.org/maven2/org/jetbrains/kotlin/kotlin-compiler-embeddable/2.0.21/kotlin-compiler-embeddable-2.0.21.jar",
      "hash": "sha256-n6jN0d4NzP/hVMmX1CPsa19TzW2Rd+OnepsN4D+xvIE="
    },
    "kotlin-compiler-embeddable-2.0.21.pom": {
      "url": "https://repo.maven.apache.org/maven2/org/jetbrains/kotlin/kotlin-compiler-embeddable/2.0.21/kotlin-compiler-embeddable-2.0.21.pom",
      "hash": "sha256-vUZWpG7EGCUuW8Xhwg6yAp+yqODjzJTu3frH6HyM1bY="
    }
  },
  "org.jetbrains.kotlin:kotlin-compiler-runner:2.0.21": {
    "kotlin-compiler-runner-2.0.21.jar": {
      "url": "https://repo.maven.apache.org/maven2/org/jetbrains/kotlin/kotlin-compiler-runner/2.0.21/kotlin-compiler-runner-2.0.21.jar",
      "hash": "sha256-COYFvoEGD/YS0K65QFihm8SsmWJcNcRhxsCzAlYOkQQ="
    },
    "kotlin-compiler-runner-2.0.21.pom": {
      "url": "https://repo.maven.apache.org/maven2/org/jetbrains/kotlin/kotlin-compiler-runner/2.0.21/kotlin-compiler-runner-2.0.21.pom",
      "hash": "sha256-+Wdq1JVBFLgc39CR6bW0J7xkkc+pRIRmjWU9TRkCPm0="
    }
  },
  "org.jetbrains.kotlin:kotlin-daemon-client:2.0.21": {
    "kotlin-daemon-client-2.0.21.jar": {
      "url": "https://repo.maven.apache.org/maven2/org/jetbrains/kotlin/kotlin-daemon-client/2.0.21/kotlin-daemon-client-2.0.21.jar",
      "hash": "sha256-Nx6gjk8DaILMjgZP/PZEWZDfREKVuh7GiSjnzCtbwBU="
    },
    "kotlin-daemon-client-2.0.21.pom": {
      "url": "https://repo.maven.apache.org/maven2/org/jetbrains/kotlin/kotlin-daemon-client/2.0.21/kotlin-daemon-client-2.0.21.pom",
      "hash": "sha256-8oY4JGtQVSC/6TXxXz7POeS6VSb6RcjzKsfeejEjdAA="
    }
  },
  "org.jetbrains.kotlin:kotlin-daemon-embeddable:2.0.21": {
    "kotlin-daemon-embeddable-2.0.21.jar": {
      "url": "https://repo.maven.apache.org/maven2/org/jetbrains/kotlin/kotlin-daemon-embeddable/2.0.21/kotlin-daemon-embeddable-2.0.21.jar",
      "hash": "sha256-saCnPFAi+N0FpjjGt2sr1zYYGKHzhg/yZEEzsd0r2wM="
    },
    "kotlin-daemon-embeddable-2.0.21.pom": {
      "url": "https://repo.maven.apache.org/maven2/org/jetbrains/kotlin/kotlin-daemon-embeddable/2.0.21/kotlin-daemon-embeddable-2.0.21.pom",
      "hash": "sha256-jbZ7QN1gJaLtBpKU8sm8+2uW2zFZz+927deEHCZq+/A="
    }
  },
  "org.jetbrains.kotlin:kotlin-gradle-plugin:2.0.21": {
    "kotlin-gradle-plugin-2.0.21-gradle85.jar": {
      "url": "https://repo.maven.apache.org/maven2/org/jetbrains/kotlin/kotlin-gradle-plugin/2.0.21/kotlin-gradle-plugin-2.0.21-gradle85.jar",
      "hash": "sha256-nfXH/xOx/GislFDKY8UxEYkdb2R73ewPQ5iz5yJb9tk="
    },
    "kotlin-gradle-plugin-2.0.21.module": {
      "url": "https://repo.maven.apache.org/maven2/org/jetbrains/kotlin/kotlin-gradle-plugin/2.0.21/kotlin-gradle-plugin-2.0.21.module",
      "hash": "sha256-D5iXoGwHo+h9ZHExzDSQofctGuVMEH8T9yJp1TRLCHo="
    },
    "kotlin-gradle-plugin-2.0.21.pom": {
      "url": "https://repo.maven.apache.org/maven2/org/jetbrains/kotlin/kotlin-gradle-plugin/2.0.21/kotlin-gradle-plugin-2.0.21.pom",
      "hash": "sha256-RenM7OM+TY36mUHMkS81RYIBqdPwQ3IMMket3lf0f/Y="
    }
  },
  "org.jetbrains.kotlin:kotlin-gradle-plugin-annotations:2.0.21": {
    "kotlin-gradle-plugin-annotations-2.0.21.jar": {
      "url": "https://repo.maven.apache.org/maven2/org/jetbrains/kotlin/kotlin-gradle-plugin-annotations/2.0.21/kotlin-gradle-plugin-annotations-2.0.21.jar",
      "hash": "sha256-W0cHoy5GfvvhIsMY/2q9yhei/H2Mg/ZgN8mhILbcvC8="
    },
    "kotlin-gradle-plugin-annotations-2.0.21.pom": {
      "url": "https://repo.maven.apache.org/maven2/org/jetbrains/kotlin/kotlin-gradle-plugin-annotations/2.0.21/kotlin-gradle-plugin-annotations-2.0.21.pom",
      "hash": "sha256-P+CLlUN7C074sWt39hqImzn1xGt+lx1N+63mbUQOodg="
    }
  },
  "org.jetbrains.kotlin:kotlin-gradle-plugin-api:2.0.21": {
    "kotlin-gradle-plugin-api-2.0.21.jar": {
      "url": "https://repo.maven.apache.org/maven2/org/jetbrains/kotlin/kotlin-gradle-plugin-api/2.0.21/kotlin-gradle-plugin-api-2.0.21.jar",
      "hash": "sha256-Uur1LOMDtSneZ6vDusE+TxNZY1dUPfqDHE1y0tYxDlA="
    },
    "kotlin-gradle-plugin-api-2.0.21.module": {
      "url": "https://repo.maven.apache.org/maven2/org/jetbrains/kotlin/kotlin-gradle-plugin-api/2.0.21/kotlin-gradle-plugin-api-2.0.21.module",
      "hash": "sha256-z29dNExVVVS/rGQFHq0AhcvUM4Z2uqP8h7UD6eSrvjQ="
    },
    "kotlin-gradle-plugin-api-2.0.21.pom": {
      "url": "https://repo.maven.apache.org/maven2/org/jetbrains/kotlin/kotlin-gradle-plugin-api/2.0.21/kotlin-gradle-plugin-api-2.0.21.pom",
      "hash": "sha256-gV5yqZ4ZFD1mLSTkYlKlnOdWMC18W9/FlIF9fMexI3g="
    }
  },
  "org.jetbrains.kotlin:kotlin-gradle-plugin-idea:2.0.21": {
    "kotlin-gradle-plugin-idea-2.0.21.jar": {
      "url": "https://repo.maven.apache.org/maven2/org/jetbrains/kotlin/kotlin-gradle-plugin-idea/2.0.21/kotlin-gradle-plugin-idea-2.0.21.jar",
      "hash": "sha256-wfTqDBkmfx7tR0tUGwdxXEkWes+/AnqKL9B8u8gbjnI="
    },
    "kotlin-gradle-plugin-idea-2.0.21.module": {
      "url": "https://repo.maven.apache.org/maven2/org/jetbrains/kotlin/kotlin-gradle-plugin-idea/2.0.21/kotlin-gradle-plugin-idea-2.0.21.module",
      "hash": "sha256-YqcNAg27B4BkexFVGIBHE+Z2BkBa6XoQ2P2jgpOI0Uk="
    },
    "kotlin-gradle-plugin-idea-2.0.21.pom": {
      "url": "https://repo.maven.apache.org/maven2/org/jetbrains/kotlin/kotlin-gradle-plugin-idea/2.0.21/kotlin-gradle-plugin-idea-2.0.21.pom",
      "hash": "sha256-1GjmNf3dsw9EQEuFixCyfcVm6Z1bVIusEMIjOp7OF74="
    }
  },
  "org.jetbrains.kotlin:kotlin-gradle-plugin-idea-proto:2.0.21": {
    "kotlin-gradle-plugin-idea-proto-2.0.21.jar": {
      "url": "https://repo.maven.apache.org/maven2/org/jetbrains/kotlin/kotlin-gradle-plugin-idea-proto/2.0.21/kotlin-gradle-plugin-idea-proto-2.0.21.jar",
      "hash": "sha256-UzVXQrV7qOFvvfCiBDn4s0UnYHHtsUTns9puYL42MYg="
    },
    "kotlin-gradle-plugin-idea-proto-2.0.21.pom": {
      "url": "https://repo.maven.apache.org/maven2/org/jetbrains/kotlin/kotlin-gradle-plugin-idea-proto/2.0.21/kotlin-gradle-plugin-idea-proto-2.0.21.pom",
      "hash": "sha256-OMyaLLf55K/UOcMQdvgzFThIsfftITMgCDXRtCDfbqs="
    }
  },
  "org.jetbrains.kotlin:kotlin-gradle-plugin-model:2.0.21": {
    "kotlin-gradle-plugin-model-2.0.21.jar": {
      "url": "https://repo.maven.apache.org/maven2/org/jetbrains/kotlin/kotlin-gradle-plugin-model/2.0.21/kotlin-gradle-plugin-model-2.0.21.jar",
      "hash": "sha256-lR13mJs1cAljH/HvsSsBYczzKcUpxUalKfih0x+bwDw="
    },
    "kotlin-gradle-plugin-model-2.0.21.module": {
      "url": "https://repo.maven.apache.org/maven2/org/jetbrains/kotlin/kotlin-gradle-plugin-model/2.0.21/kotlin-gradle-plugin-model-2.0.21.module",
      "hash": "sha256-6qn9n4b71E/2BwoZfce90ZgPDUHo20myUoA9A6pMVaw="
    },
    "kotlin-gradle-plugin-model-2.0.21.pom": {
      "url": "https://repo.maven.apache.org/maven2/org/jetbrains/kotlin/kotlin-gradle-plugin-model/2.0.21/kotlin-gradle-plugin-model-2.0.21.pom",
      "hash": "sha256-5RVeYOyr2v1kUmVKaYALyyp37n0fxucH+tOo5p8HTCw="
    }
  },
  "org.jetbrains.kotlin:kotlin-gradle-plugins-bom:2.0.21": {
    "kotlin-gradle-plugins-bom-2.0.21.module": {
      "url": "https://repo.maven.apache.org/maven2/org/jetbrains/kotlin/kotlin-gradle-plugins-bom/2.0.21/kotlin-gradle-plugins-bom-2.0.21.module",
      "hash": "sha256-8JRUh/5RlZ/fi2oUQXB6Ke1fGsMaIxx/3r4sPd0i/fE="
    },
    "kotlin-gradle-plugins-bom-2.0.21.pom": {
      "url": "https://repo.maven.apache.org/maven2/org/jetbrains/kotlin/kotlin-gradle-plugins-bom/2.0.21/kotlin-gradle-plugins-bom-2.0.21.pom",
      "hash": "sha256-Z1AT1Mvu4JyIkgriuiRvmfKKeJuHT2NASeAS+j7r9Mg="
    }
  },
  "org.jetbrains.kotlin:kotlin-klib-commonizer-api:2.0.21": {
    "kotlin-klib-commonizer-api-2.0.21.jar": {
      "url": "https://repo.maven.apache.org/maven2/org/jetbrains/kotlin/kotlin-klib-commonizer-api/2.0.21/kotlin-klib-commonizer-api-2.0.21.jar",
      "hash": "sha256-R1eJEWW2mPvazo9NpvK8DpiOrvnvNnE1SIZajycGmv0="
    },
    "kotlin-klib-commonizer-api-2.0.21.pom": {
      "url": "https://repo.maven.apache.org/maven2/org/jetbrains/kotlin/kotlin-klib-commonizer-api/2.0.21/kotlin-klib-commonizer-api-2.0.21.pom",
      "hash": "sha256-Y/6HvSI1sSlAnHIqCbYsIKe3eueQGeIgMSSK9zawPFQ="
    }
  },
  "org.jetbrains.kotlin:kotlin-klib-commonizer-embeddable:2.0.21": {
    "kotlin-klib-commonizer-embeddable-2.0.21.jar": {
      "url": "https://repo.maven.apache.org/maven2/org/jetbrains/kotlin/kotlin-klib-commonizer-embeddable/2.0.21/kotlin-klib-commonizer-embeddable-2.0.21.jar",
      "hash": "sha256-2Gv0M4pthBzM37v/LaBb0DpJw9uMP5erhed+AhrQhFs="
    },
    "kotlin-klib-commonizer-embeddable-2.0.21.pom": {
      "url": "https://repo.maven.apache.org/maven2/org/jetbrains/kotlin/kotlin-klib-commonizer-embeddable/2.0.21/kotlin-klib-commonizer-embeddable-2.0.21.pom",
      "hash": "sha256-esgfO7B8TWqo+pj/WjmaR6vRzhx4bU8/rZbvKBIL34o="
    }
  },
  "org.jetbrains.kotlin:kotlin-native-prebuilt:2.0.21": {
    "kotlin-native-prebuilt-2.0.21-linux-x86_64.tar.gz": {
      "url": "https://repo.maven.apache.org/maven2/org/jetbrains/kotlin/kotlin-native-prebuilt/2.0.21/kotlin-native-prebuilt-2.0.21-linux-x86_64.tar.gz",
      "hash": "sha256-8SXMZFcnRldupsPfHmVklSr9dpJcJNdc/4X4zdRG/ls="
    },
    "kotlin-native-prebuilt-2.0.21.pom": {
      "url": "https://repo.maven.apache.org/maven2/org/jetbrains/kotlin/kotlin-native-prebuilt/2.0.21/kotlin-native-prebuilt-2.0.21.pom",
      "hash": "sha256-Gv4wJE4ZR67Wy+01BBrTbFnw6nZK/bxv/56agY7loEE="
    }
  },
  "org.jetbrains.kotlin:kotlin-native-utils:2.0.21": {
    "kotlin-native-utils-2.0.21.jar": {
      "url": "https://repo.maven.apache.org/maven2/org/jetbrains/kotlin/kotlin-native-utils/2.0.21/kotlin-native-utils-2.0.21.jar",
      "hash": "sha256-ResIo5Kfl8SKkpEsliV3nRVAvG8/IS+56UYg0DJrzAA="
    },
    "kotlin-native-utils-2.0.21.pom": {
      "url": "https://repo.maven.apache.org/maven2/org/jetbrains/kotlin/kotlin-native-utils/2.0.21/kotlin-native-utils-2.0.21.pom",
      "hash": "sha256-ZpB3PnZJ0dD61V0GCaTiHh68mF3Q+iYenG/9OJhnBh0="
    }
  },
  "org.jetbrains.kotlin:kotlin-reflect:1.6.10": {
    "kotlin-reflect-1.6.10.jar": {
      "url": "https://repo.maven.apache.org/maven2/org/jetbrains/kotlin/kotlin-reflect/1.6.10/kotlin-reflect-1.6.10.jar",
      "hash": "sha256-MnesECrheq0QpVq+x1/1aWyNEJeQOWQ0tJbnUIeFQgM="
    },
    "kotlin-reflect-1.6.10.pom": {
      "url": "https://repo.maven.apache.org/maven2/org/jetbrains/kotlin/kotlin-reflect/1.6.10/kotlin-reflect-1.6.10.pom",
      "hash": "sha256-V5BVJCdKAK4CiqzMJyg/a8WSWpNKBGwcxdBsjuTW1ak="
    }
  },
  "org.jetbrains.kotlin:kotlin-script-runtime:2.0.21": {
    "kotlin-script-runtime-2.0.21.jar": {
      "url": "https://repo.maven.apache.org/maven2/org/jetbrains/kotlin/kotlin-script-runtime/2.0.21/kotlin-script-runtime-2.0.21.jar",
      "hash": "sha256-nBEfjQit5FVWYnLVYZIa3CsstrekzO442YKcXjocpqM="
    },
    "kotlin-script-runtime-2.0.21.pom": {
      "url": "https://repo.maven.apache.org/maven2/org/jetbrains/kotlin/kotlin-script-runtime/2.0.21/kotlin-script-runtime-2.0.21.pom",
      "hash": "sha256-lbLpKa+hBxvZUv0Tey5+gdBP4bu4G3V+vtBrIW5aRSQ="
    }
  },
  "org.jetbrains.kotlin:kotlin-scripting-common:2.0.21": {
    "kotlin-scripting-common-2.0.21.jar": {
      "url": "https://repo.maven.apache.org/maven2/org/jetbrains/kotlin/kotlin-scripting-common/2.0.21/kotlin-scripting-common-2.0.21.jar",
      "hash": "sha256-+H3rKxTQaPmcuhghfYCvhUgcApxzGthwRFjprdnKIPg="
    },
    "kotlin-scripting-common-2.0.21.pom": {
      "url": "https://repo.maven.apache.org/maven2/org/jetbrains/kotlin/kotlin-scripting-common/2.0.21/kotlin-scripting-common-2.0.21.pom",
      "hash": "sha256-hP6ezqjlV+/6iFbJAhMlrWPCHZ0TEh6q6xGZ9qZYZXU="
    }
  },
  "org.jetbrains.kotlin:kotlin-scripting-compiler-embeddable:2.0.21": {
    "kotlin-scripting-compiler-embeddable-2.0.21.jar": {
      "url": "https://repo.maven.apache.org/maven2/org/jetbrains/kotlin/kotlin-scripting-compiler-embeddable/2.0.21/kotlin-scripting-compiler-embeddable-2.0.21.jar",
      "hash": "sha256-JBPCMP3YzUfrvronPk35TPO0TLPsldLLNUcsk3aMnxw="
    },
    "kotlin-scripting-compiler-embeddable-2.0.21.pom": {
      "url": "https://repo.maven.apache.org/maven2/org/jetbrains/kotlin/kotlin-scripting-compiler-embeddable/2.0.21/kotlin-scripting-compiler-embeddable-2.0.21.pom",
      "hash": "sha256-1Ch6fUD4+Birv3zJhH5/OSeC0Ufb7WqEQORzvE9r8ug="
    }
  },
  "org.jetbrains.kotlin:kotlin-scripting-compiler-impl-embeddable:2.0.21": {
    "kotlin-scripting-compiler-impl-embeddable-2.0.21.jar": {
      "url": "https://repo.maven.apache.org/maven2/org/jetbrains/kotlin/kotlin-scripting-compiler-impl-embeddable/2.0.21/kotlin-scripting-compiler-impl-embeddable-2.0.21.jar",
      "hash": "sha256-btD6W+slRmiDmJtWQfNoCUeSYLcBRTVQL9OHzmx7qDM="
    },
    "kotlin-scripting-compiler-impl-embeddable-2.0.21.pom": {
      "url": "https://repo.maven.apache.org/maven2/org/jetbrains/kotlin/kotlin-scripting-compiler-impl-embeddable/2.0.21/kotlin-scripting-compiler-impl-embeddable-2.0.21.pom",
      "hash": "sha256-0ysb8kupKaL6MqbjRDIPp7nnvgbON/z3bvOm3ITiNrE="
    }
  },
  "org.jetbrains.kotlin:kotlin-scripting-jvm:2.0.21": {
    "kotlin-scripting-jvm-2.0.21.jar": {
      "url": "https://repo.maven.apache.org/maven2/org/jetbrains/kotlin/kotlin-scripting-jvm/2.0.21/kotlin-scripting-jvm-2.0.21.jar",
      "hash": "sha256-iEJ/D3pMR4RfoiIdKfbg4NfL5zw+34vKMLTYs6M2p3w="
    },
    "kotlin-scripting-jvm-2.0.21.pom": {
      "url": "https://repo.maven.apache.org/maven2/org/jetbrains/kotlin/kotlin-scripting-jvm/2.0.21/kotlin-scripting-jvm-2.0.21.pom",
      "hash": "sha256-opCFi++0KZc09RtT7ZqUFaKU55um/CE8BMQnzch5nA0="
    }
  },
  "org.jetbrains.kotlin:kotlin-stdlib:2.0.21": {
    "kotlin-stdlib-2.0.21-all.jar": {
      "url": "https://repo.maven.apache.org/maven2/org/jetbrains/kotlin/kotlin-stdlib/2.0.21/kotlin-stdlib-2.0.21-all.jar",
      "hash": "sha256-UP+t6yC00kVqUmWVpPep6FiJaCcVBz5s26Gx2A461Fg="
    },
    "kotlin-stdlib-2.0.21.jar": {
      "url": "https://repo.maven.apache.org/maven2/org/jetbrains/kotlin/kotlin-stdlib/2.0.21/kotlin-stdlib-2.0.21.jar",
      "hash": "sha256-8xzFPxBafkjAk2g7vVQ3Vh0SM5IFE3dLRwgFZBvtvAk="
    },
    "kotlin-stdlib-2.0.21.module": {
      "url": "https://repo.maven.apache.org/maven2/org/jetbrains/kotlin/kotlin-stdlib/2.0.21/kotlin-stdlib-2.0.21.module",
      "hash": "sha256-gf1tGBASSH7jJG7/TiustktYxG5bWqcpcaTd8b0VQe0="
    },
    "kotlin-stdlib-2.0.21.pom": {
      "url": "https://repo.maven.apache.org/maven2/org/jetbrains/kotlin/kotlin-stdlib/2.0.21/kotlin-stdlib-2.0.21.pom",
      "hash": "sha256-/LraTNLp85ZYKTVw72E3UjMdtp/R2tHKuqYFSEA+F9o="
    }
  },
  "org.jetbrains.kotlin:kotlin-stdlib-jdk7:1.8.21": {
    "kotlin-stdlib-jdk7-1.8.21.jar": {
      "url": "https://repo.maven.apache.org/maven2/org/jetbrains/kotlin/kotlin-stdlib-jdk7/1.8.21/kotlin-stdlib-jdk7-1.8.21.jar",
      "hash": "sha256-M9FI2w4R3r0NkGd9KCQrztkH+cd3MAAP1ZeGcIkDnYY="
    },
    "kotlin-stdlib-jdk7-1.8.21.pom": {
      "url": "https://repo.maven.apache.org/maven2/org/jetbrains/kotlin/kotlin-stdlib-jdk7/1.8.21/kotlin-stdlib-jdk7-1.8.21.pom",
      "hash": "sha256-m7EH1dXjkwvFl38AekPNILfSTZGxweUo6m7g8kjxTTY="
    }
  },
  "org.jetbrains.kotlin:kotlin-stdlib-jdk8:1.8.21": {
    "kotlin-stdlib-jdk8-1.8.21.jar": {
      "url": "https://repo.maven.apache.org/maven2/org/jetbrains/kotlin/kotlin-stdlib-jdk8/1.8.21/kotlin-stdlib-jdk8-1.8.21.jar",
      "hash": "sha256-PbdSowB08G7mxXmEqm8n2kT00rvH9UQmUfaYjxyyt9c="
    },
    "kotlin-stdlib-jdk8-1.8.21.pom": {
      "url": "https://repo.maven.apache.org/maven2/org/jetbrains/kotlin/kotlin-stdlib-jdk8/1.8.21/kotlin-stdlib-jdk8-1.8.21.pom",
      "hash": "sha256-ODnXKNfDCaXDaLAnC0S08ceHj/XKXTKpogT6o0kUWdg="
    }
  },
  "org.jetbrains.kotlin:kotlin-tooling-core:2.0.21": {
    "kotlin-tooling-core-2.0.21.jar": {
      "url": "https://repo.maven.apache.org/maven2/org/jetbrains/kotlin/kotlin-tooling-core/2.0.21/kotlin-tooling-core-2.0.21.jar",
      "hash": "sha256-W28UhUj+ngdN9R9CJTREM78DdaxbOf/NPXvX1/YC1ik="
    },
    "kotlin-tooling-core-2.0.21.pom": {
      "url": "https://repo.maven.apache.org/maven2/org/jetbrains/kotlin/kotlin-tooling-core/2.0.21/kotlin-tooling-core-2.0.21.pom",
      "hash": "sha256-MiVe/o/PESl703OozHf4sYXXOYTpGxieeRZlKb36XVo="
    }
  },
  "org.jetbrains.kotlin:kotlin-util-io:2.0.21": {
    "kotlin-util-io-2.0.21.jar": {
      "url": "https://repo.maven.apache.org/maven2/org/jetbrains/kotlin/kotlin-util-io/2.0.21/kotlin-util-io-2.0.21.jar",
      "hash": "sha256-Dv7kwg8+f5ErMceWxOR/nRTqaIA+x+1OXU8kJY46ph4="
    },
    "kotlin-util-io-2.0.21.pom": {
      "url": "https://repo.maven.apache.org/maven2/org/jetbrains/kotlin/kotlin-util-io/2.0.21/kotlin-util-io-2.0.21.pom",
      "hash": "sha256-4gD5F2fbCFJsjZSt3OB7kPNCVBSwTs/XzPjkHJ8QmKA="
    }
  },
  "org.jetbrains.kotlin:kotlin-util-klib:2.0.21": {
    "kotlin-util-klib-2.0.21.jar": {
      "url": "https://repo.maven.apache.org/maven2/org/jetbrains/kotlin/kotlin-util-klib/2.0.21/kotlin-util-klib-2.0.21.jar",
      "hash": "sha256-oTtziWVUtI5L702KRjDqfpQBSaxMrcysBpFGORRlSeo="
    },
    "kotlin-util-klib-2.0.21.pom": {
      "url": "https://repo.maven.apache.org/maven2/org/jetbrains/kotlin/kotlin-util-klib/2.0.21/kotlin-util-klib-2.0.21.pom",
      "hash": "sha256-724nWZiUO5b1imSWQIUyDxAxdNYJ7GakqUnmASPHmPU="
    }
  },
  "org.jetbrains.kotlinx:kotlinx-coroutines-bom:1.6.4": {
    "kotlinx-coroutines-bom-1.6.4.pom": {
      "url": "https://repo.maven.apache.org/maven2/org/jetbrains/kotlinx/kotlinx-coroutines-bom/1.6.4/kotlinx-coroutines-bom-1.6.4.pom",
      "hash": "sha256-qyYUhV+6ZqqKQlFNvj1aiEMV/+HtY/WTLnEKgAYkXOE="
    }
  },
  "org.jetbrains.kotlinx:kotlinx-coroutines-core-jvm:1.6.4": {
    "kotlinx-coroutines-core-jvm-1.6.4.jar": {
      "url": "https://repo.maven.apache.org/maven2/org/jetbrains/kotlinx/kotlinx-coroutines-core-jvm/1.6.4/kotlinx-coroutines-core-jvm-1.6.4.jar",
      "hash": "sha256-wkyLsnuzIMSpOHFQGn5eDGFgdjiQexl672dVE9TIIL4="
    },
    "kotlinx-coroutines-core-jvm-1.6.4.module": {
      "url": "https://repo.maven.apache.org/maven2/org/jetbrains/kotlinx/kotlinx-coroutines-core-jvm/1.6.4/kotlinx-coroutines-core-jvm-1.6.4.module",
      "hash": "sha256-DZTIpBSD58Jwfr1pPhsTV6hBUpmM6FVQ67xUykMho6c="
    },
    "kotlinx-coroutines-core-jvm-1.6.4.pom": {
      "url": "https://repo.maven.apache.org/maven2/org/jetbrains/kotlinx/kotlinx-coroutines-core-jvm/1.6.4/kotlinx-coroutines-core-jvm-1.6.4.pom",
      "hash": "sha256-Cdlg+FkikDwuUuEmsX6fpQILQlxGnsYZRLPAGDVUciQ="
    }
  },
  "org.jspecify:jspecify:0.3.0": {
    "jspecify-0.3.0.jar": {
      "url": "https://repo.maven.apache.org/maven2/org/jspecify/jspecify/0.3.0/jspecify-0.3.0.jar",
      "hash": "sha256-4cfhgytglfz8vldIVwDHMw1T1OV+LFu/nHGBmwLpeL4="
    },
    "jspecify-0.3.0.module": {
      "url": "https://repo.maven.apache.org/maven2/org/jspecify/jspecify/0.3.0/jspecify-0.3.0.module",
      "hash": "sha256-M7jCLyQkwpAyQaf+olj8QasMTWiJd2V2xRkEdWLuQ6U="
    },
    "jspecify-0.3.0.pom": {
      "url": "https://repo.maven.apache.org/maven2/org/jspecify/jspecify/0.3.0/jspecify-0.3.0.pom",
      "hash": "sha256-9LGyrWHKF/KNBjxWEJ0+g5g5oQswG8lzSVQ+zu5X8xY="
    }
  },
  "org.ow2:ow2:1.5.1": {
    "ow2-1.5.1.pom": {
      "url": "https://repo.maven.apache.org/maven2/org/ow2/ow2/1.5.1/ow2-1.5.1.pom",
      "hash": "sha256-Mh3bt+5v5PU96mtM1tt0FU1r+kI5HB92OzYbn0hazwU="
    }
  },
  "org.ow2.asm:asm:9.7": {
    "asm-9.7.jar": {
      "url": "https://repo.maven.apache.org/maven2/org/ow2/asm/asm/9.7/asm-9.7.jar",
      "hash": "sha256-rfRtXjSUC98Ujs3Sap7o7qlElqcgNP9xQQZrPupcTp0="
    },
    "asm-9.7.pom": {
      "url": "https://repo.maven.apache.org/maven2/org/ow2/asm/asm/9.7/asm-9.7.pom",
      "hash": "sha256-3gARXx2E86Cy7jpLb2GS0Gb4bRhdZ7nRUi8sgP6sXwA="
    }
  },
  "org.sonatype.oss:oss-parent:9": {
    "oss-parent-9.pom": {
      "url": "https://repo.maven.apache.org/maven2/org/sonatype/oss/oss-parent/9/oss-parent-9.pom",
      "hash": "sha256-+0AmX5glSCEv+C42LllzKyGH7G8NgBgohcFO8fmCgno="
    }
  },
  "org.sonatype.oss:oss-parent:7": {
    "oss-parent-7.pom": {
      "url": "https://repo.maven.apache.org/maven2/org/sonatype/oss/oss-parent/7/oss-parent-7.pom",
      "hash": "sha256-tR+IZ8kranIkmVV/w6H96ne9+e9XRyL+kM5DailVlFQ="
    }
  }
}
