{
  "com.android.tools:r8:8.5.35": {
    "r8-8.5.35.jar": {
      "url": "https://dl.google.com/dl/android/maven2/com/android/tools/r8/8.5.35/r8-8.5.35.jar",
      "hash": "sha256-RzOUWYfuCoQPr8NAgLE1JZ4BZ4QS4HISsj9wYzQpApQ="
    },
    "r8-8.5.35.pom": {
      "url": "https://dl.google.com/dl/android/maven2/com/android/tools/r8/8.5.35/r8-8.5.35.pom",
      "hash": "sha256-TLjWOP0OcJotPIki+p7OqFY/I+FGr2Z8IAmM9N2RGwg="
    }
  },
  "com.google.auto:auto-parent:7": {
    "auto-parent-7.pom": {
      "url": "https://repo.maven.apache.org/maven2/com/google/auto/auto-parent/7/auto-parent-7.pom",
      "hash": "sha256-pGQm/MtdMnBa2cu8mW94a9BIzIy90h2wRlABafFaQ1Y="
    }
  },
  "com.google.auto.value:auto-value-annotations:1.6.3": {
    "auto-value-annotations-1.6.3.jar": {
      "url": "https://repo.maven.apache.org/maven2/com/google/auto/value/auto-value-annotations/1.6.3/auto-value-annotations-1.6.3.jar",
      "hash": "sha256-DpUf7owx9gJwvEZVOoWGABt7k9uxKuwGNzqpmhUDksA="
    },
    "auto-value-annotations-1.6.3.pom": {
      "url": "https://repo.maven.apache.org/maven2/com/google/auto/value/auto-value-annotations/1.6.3/auto-value-annotations-1.6.3.pom",
      "hash": "sha256-4fx4D37gJeZis9pycj2+KsjawKL4kg8mUxXE4b49dlw="
    }
  },
  "com.google.auto.value:auto-value-parent:1.6.3": {
    "auto-value-parent-1.6.3.pom": {
      "url": "https://repo.maven.apache.org/maven2/com/google/auto/value/auto-value-parent/1.6.3/auto-value-parent-1.6.3.pom",
      "hash": "sha256-5Z31cytMs01XJxgURvne2c5EJRMaChBiUZ7qGW3k2KE="
    }
  },
  "com.google.code.findbugs:jsr305:3.0.2": {
    "jsr305-3.0.2.jar": {
      "url": "https://repo.maven.apache.org/maven2/com/google/code/findbugs/jsr305/3.0.2/jsr305-3.0.2.jar",
      "hash": "sha256-dmrSoHg/JoeWLIrXTO7MOKKLn3Ki0IXuQ4t4E+ko0Mc="
    },
    "jsr305-3.0.2.pom": {
      "url": "https://repo.maven.apache.org/maven2/com/google/code/findbugs/jsr305/3.0.2/jsr305-3.0.2.pom",
      "hash": "sha256-GYidvfGyVLJgGl7mRbgUepdGRIgil2hMeYr+XWPXjf4="
    }
  },
  "com.google.errorprone:error_prone_annotations:2.3.3": {
    "error_prone_annotations-2.3.3.jar": {
      "url": "https://repo.maven.apache.org/maven2/com/google/errorprone/error_prone_annotations/2.3.3/error_prone_annotations-2.3.3.jar",
      "hash": "sha256-7FnxtwLZr8CejDkp9cQnd97GI6bqJzGsaUMyx9doD1o="
    },
    "error_prone_annotations-2.3.3.pom": {
      "url": "https://repo.maven.apache.org/maven2/com/google/errorprone/error_prone_annotations/2.3.3/error_prone_annotations-2.3.3.pom",
      "hash": "sha256-v9aSVaDAETr+5NoBNruAsSaMuw1h3wBp2NIrO+8laNU="
    }
  },
  "com.google.errorprone:error_prone_parent:2.3.3": {
    "error_prone_parent-2.3.3.pom": {
      "url": "https://repo.maven.apache.org/maven2/com/google/errorprone/error_prone_parent/2.3.3/error_prone_parent-2.3.3.pom",
      "hash": "sha256-awWm9S4rZbTvzjy7pTNbCBsdykuX3mkCNM1TZHmkDzI="
    }
  },
  "com.google.guava:failureaccess:1.0.1": {
    "failureaccess-1.0.1.jar": {
      "url": "https://repo.maven.apache.org/maven2/com/google/guava/failureaccess/1.0.1/failureaccess-1.0.1.jar",
      "hash": "sha256-oXHuTHNN0tqDfksWvp30Zhr6typBra8x64Tf2vk2yiY="
    },
    "failureaccess-1.0.1.pom": {
      "url": "https://repo.maven.apache.org/maven2/com/google/guava/failureaccess/1.0.1/failureaccess-1.0.1.pom",
      "hash": "sha256-6WBCznj+y6DaK+lkUilHyHtAopG1/TzWcqQ0kkEDxLk="
    }
  },
  "com.google.guava:guava:28.1-android": {
    "guava-28.1-android.jar": {
      "url": "https://repo.maven.apache.org/maven2/com/google/guava/guava/28.1-android/guava-28.1-android.jar",
      "hash": "sha256-4RLOksDwczll7t5z2UWJxZpyEosGsIu6Xr4vnqZy72A="
    },
    "guava-28.1-android.pom": {
      "url": "https://repo.maven.apache.org/maven2/com/google/guava/guava/28.1-android/guava-28.1-android.pom",
      "hash": "sha256-AZa+urqiZWDxCO6xBNYph62L6mB9mxPto/Aoa3ZdbqY="
    }
  },
  "com.google.guava:guava-parent:28.1-android": {
    "guava-parent-28.1-android.pom": {
      "url": "https://repo.maven.apache.org/maven2/com/google/guava/guava-parent/28.1-android/guava-parent-28.1-android.pom",
      "hash": "sha256-+K/LQ/0kw7YibkCL25zsVpFzcVpMLIAXPMrt2E4VGJE="
    }
  },
  "com.google.guava:guava-parent:26.0-android": {
    "guava-parent-26.0-android.pom": {
      "url": "https://repo.maven.apache.org/maven2/com/google/guava/guava-parent/26.0-android/guava-parent-26.0-android.pom",
      "hash": "sha256-+GmKtGypls6InBr8jKTyXrisawNNyJjUWDdCNgAWzAQ="
    }
  },
  "com.google.guava:listenablefuture:9999.0-empty-to-avoid-conflict-with-guava": {
    "listenablefuture-9999.0-empty-to-avoid-conflict-with-guava.jar": {
      "url": "https://repo.maven.apache.org/maven2/com/google/guava/listenablefuture/9999.0-empty-to-avoid-conflict-with-guava/listenablefuture-9999.0-empty-to-avoid-conflict-with-guava.jar",
      "hash": "sha256-s3KgN9QjCqV/vv/e8w/WEj+cDC24XQrO0AyRuXTzP5k="
    },
    "listenablefuture-9999.0-empty-to-avoid-conflict-with-guava.pom": {
      "url": "https://repo.maven.apache.org/maven2/com/google/guava/listenablefuture/9999.0-empty-to-avoid-conflict-with-guava/listenablefuture-9999.0-empty-to-avoid-conflict-with-guava.pom",
      "hash": "sha256-GNSx2yYVPU5VB5zh92ux/gXNuGLvmVSojLzE/zi4Z5s="
    }
  },
  "com.google.j2objc:j2objc-annotations:1.3": {
    "j2objc-annotations-1.3.jar": {
      "url": "https://repo.maven.apache.org/maven2/com/google/j2objc/j2objc-annotations/1.3/j2objc-annotations-1.3.jar",
      "hash": "sha256-Ia8wySJnvWEiwOC00gzMtmQaN+r5VsZUDsRx1YTmSns="
    },
    "j2objc-annotations-1.3.pom": {
      "url": "https://repo.maven.apache.org/maven2/com/google/j2objc/j2objc-annotations/1.3/j2objc-annotations-1.3.pom",
      "hash": "sha256-X6yoJLoRW+5FhzAzff2y/OpGui/XdNQwTtvzD6aj8FU="
    }
  },
  "com.google.truth:truth:1.0.1": {
    "truth-1.0.1.jar": {
      "url": "https://repo.maven.apache.org/maven2/com/google/truth/truth/1.0.1/truth-1.0.1.jar",
      "hash": "sha256-HM9DNOepTPAKIKYZtUYrU6zzJ04AtwSYv1soo7wb6bE="
    },
    "truth-1.0.1.pom": {
      "url": "https://repo.maven.apache.org/maven2/com/google/truth/truth/1.0.1/truth-1.0.1.pom",
      "hash": "sha256-BGhsbq3NYNi3sKTT9Vk4phaHYObiwkETOQNra/BGow8="
    }
  },
  "com.google.truth:truth-parent:1.0.1": {
    "truth-parent-1.0.1.pom": {
      "url": "https://repo.maven.apache.org/maven2/com/google/truth/truth-parent/1.0.1/truth-parent-1.0.1.pom",
      "hash": "sha256-HH/IY4Mu2YCOQ9jBdpH/Fn0xPxETTvx1Yf9R0UIZbX4="
    }
  },
  "com.googlecode.java-diff-utils:diffutils:1.3.0": {
    "diffutils-1.3.0.jar": {
      "url": "https://repo.maven.apache.org/maven2/com/googlecode/java-diff-utils/diffutils/1.3.0/diffutils-1.3.0.jar",
      "hash": "sha256-YbpNxJrcqVJDvqoFaa3CojrttSkq54qgEYb6eC69xcI="
    },
    "diffutils-1.3.0.pom": {
      "url": "https://repo.maven.apache.org/maven2/com/googlecode/java-diff-utils/diffutils/1.3.0/diffutils-1.3.0.pom",
      "hash": "sha256-L+Md1jCbD18ZW73EdJz8CvBl1h8Gz+GD39LyCSq4R7Y="
    }
  },
  "com.squareup.moshi:moshi:1.11.0": {
    "moshi-1.11.0.jar": {
      "url": "https://repo.maven.apache.org/maven2/com/squareup/moshi/moshi/1.11.0/moshi-1.11.0.jar",
      "hash": "sha256-tu5k+4SnSGqpmD4gx1JZ1JMb1ZfBaeHmfDvAUh/QOyc="
    },
    "moshi-1.11.0.module": {
      "url": "https://repo.maven.apache.org/maven2/com/squareup/moshi/moshi/1.11.0/moshi-1.11.0.module",
      "hash": "sha256-lLFRhilF9MdTPjRorIOTIS1sZz6Re801bUzfffRNOz4="
    },
    "moshi-1.11.0.pom": {
      "url": "https://repo.maven.apache.org/maven2/com/squareup/moshi/moshi/1.11.0/moshi-1.11.0.pom",
      "hash": "sha256-wiZEW17OMQNoZyXDGDIm4v3Czi/N569qSl0VZ9BN+zs="
    }
  },
  "com.squareup.okio:okio:2.9.0": {
    "okio-2.9.0.jar": {
      "url": "https://repo.maven.apache.org/maven2/com/squareup/okio/okio/2.9.0/okio-2.9.0.jar",
      "hash": "sha256-uSVcFjt+3AuEBlWdZlecbDLeoB9pGUO6xdP9vRD2m0Q="
    },
    "okio-2.9.0.module": {
      "url": "https://repo.maven.apache.org/maven2/com/squareup/okio/okio/2.9.0/okio-2.9.0.module",
      "hash": "sha256-ZbeMGrIdx2QHmNx2fFgJkJFteozPQY2Ksi/jrKC0iO4="
    },
    "okio-2.9.0.pom": {
      "url": "https://repo.maven.apache.org/maven2/com/squareup/okio/okio/2.9.0/okio-2.9.0.pom",
      "hash": "sha256-8uE4WwBL178AhUXDQFuWcDXxJkJUroom+1Pynhxd9/Y="
    }
  },
  "com.squareup.okio:okio-metadata:2.9.0": {
    "okio-metadata-2.9.0.jar": {
      "url": "https://repo.maven.apache.org/maven2/com/squareup/okio/okio-metadata/2.9.0/okio-metadata-2.9.0.jar",
      "hash": "sha256-l8WoRJwDS8ilHAi5XylhW36nr6zXrW+0WGHX6TJNw6Q="
    },
    "okio-metadata-2.9.0.module": {
      "url": "https://repo.maven.apache.org/maven2/com/squareup/okio/okio-metadata/2.9.0/okio-metadata-2.9.0.module",
      "hash": "sha256-fwmRuiLDCzLCZbdoE5+LPSZofZHexAVAQml1+PP3YwA="
    },
    "okio-metadata-2.9.0.pom": {
      "url": "https://repo.maven.apache.org/maven2/com/squareup/okio/okio-metadata/2.9.0/okio-metadata-2.9.0.pom",
      "hash": "sha256-wzCqhZvHM6E0gkEY85ys2F72qIgl8Md0QvDAxpTdxxE="
    }
  },
  "junit:junit:4.13": {
    "junit-4.13.jar": {
      "url": "https://repo.maven.apache.org/maven2/junit/junit/4.13/junit-4.13.jar",
      "hash": "sha256-S4Uy9jvcDgZhUH+UfrMkqVTR26xjGtGciqmgD+7R2GM="
    },
    "junit-4.13.pom": {
      "url": "https://repo.maven.apache.org/maven2/junit/junit/4.13/junit-4.13.pom",
      "hash": "sha256-mg3Ew/orCG5wgiZzfvS7N4R8PLHOTiA1F8CfYwWyJn4="
    }
  },
  "org.checkerframework:checker-compat-qual:2.5.5": {
    "checker-compat-qual-2.5.5.jar": {
      "url": "https://repo.maven.apache.org/maven2/org/checkerframework/checker-compat-qual/2.5.5/checker-compat-qual-2.5.5.jar",
      "hash": "sha256-EdE0skXpysxHRRTS1mtbhhj4A5oUZc3FW7wLNOAAi3o="
    },
    "checker-compat-qual-2.5.5.pom": {
      "url": "https://repo.maven.apache.org/maven2/org/checkerframework/checker-compat-qual/2.5.5/checker-compat-qual-2.5.5.pom",
      "hash": "sha256-QvIevZGDvgSe5a/IIrNFQDpdp2QDeHVzSgObDW4DU74="
    }
  },
  "org.codehaus.mojo:animal-sniffer-annotations:1.18": {
    "animal-sniffer-annotations-1.18.jar": {
      "url": "https://repo.maven.apache.org/maven2/org/codehaus/mojo/animal-sniffer-annotations/1.18/animal-sniffer-annotations-1.18.jar",
      "hash": "sha256-R/BYUrSO6brv74D6PYzqYO+kdTwAExId1/5e7y5ccp0="
    },
    "animal-sniffer-annotations-1.18.pom": {
      "url": "https://repo.maven.apache.org/maven2/org/codehaus/mojo/animal-sniffer-annotations/1.18/animal-sniffer-annotations-1.18.pom",
      "hash": "sha256-rfUi9IOcNfUynql8QHrr6/qIB7ZEhS3E1c18l7em0uA="
    }
  },
  "org.codehaus.mojo:animal-sniffer-parent:1.18": {
    "animal-sniffer-parent-1.18.pom": {
      "url": "https://repo.maven.apache.org/maven2/org/codehaus/mojo/animal-sniffer-parent/1.18/animal-sniffer-parent-1.18.pom",
      "hash": "sha256-Tp31RqR89jBKExfEaHAQCocm++oRsN0YMi+VfkBwlzw="
    }
  },
  "org.codehaus.mojo:mojo-parent:50": {
    "mojo-parent-50.pom": {
      "url": "https://repo.maven.apache.org/maven2/org/codehaus/mojo/mojo-parent/50/mojo-parent-50.pom",
      "hash": "sha256-+BnK0bFbaneRyLYB6WveM3ZeRoE5WAfbRTfS8N7dSTs="
    }
  },
  "org.hamcrest:hamcrest-core:1.3": {
    "hamcrest-core-1.3.jar": {
      "url": "https://repo.maven.apache.org/maven2/org/hamcrest/hamcrest-core/1.3/hamcrest-core-1.3.jar",
      "hash": "sha256-Zv3vkelzk0jfeglqo4SlaF9Oh1WEzOiThqekclHE2Ok="
    },
    "hamcrest-core-1.3.pom": {
      "url": "https://repo.maven.apache.org/maven2/org/hamcrest/hamcrest-core/1.3/hamcrest-core-1.3.pom",
      "hash": "sha256-/eOGp5BRc6GxA95quCBydYS1DQ4yKC4nl3h8IKZP+pM="
    }
  },
  "org.hamcrest:hamcrest-parent:1.3": {
    "hamcrest-parent-1.3.pom": {
      "url": "https://repo.maven.apache.org/maven2/org/hamcrest/hamcrest-parent/1.3/hamcrest-parent-1.3.pom",
      "hash": "sha256-bVNflO+2Y722gsnyelAzU5RogAlkK6epZ3UEvBvkEps="
    }
  },
  "org.jetbrains:annotations:13.0": {
    "annotations-13.0.jar": {
      "url": "https://repo.maven.apache.org/maven2/org/jetbrains/annotations/13.0/annotations-13.0.jar",
      "hash": "sha256-rOKhDcji1f00kl7KwD5JiLLA+FFlDJS4zvSbob0RFHg="
    },
    "annotations-13.0.pom": {
      "url": "https://repo.maven.apache.org/maven2/org/jetbrains/annotations/13.0/annotations-13.0.pom",
      "hash": "sha256-llrrK+3/NpgZvd4b96CzuJuCR91pyIuGN112Fju4w5c="
    }
  },
  "org.jetbrains.intellij.deps:trove4j:1.0.20200330": {
    "trove4j-1.0.20200330.jar": {
      "url": "https://repo.maven.apache.org/maven2/org/jetbrains/intellij/deps/trove4j/1.0.20200330/trove4j-1.0.20200330.jar",
      "hash": "sha256-xf1yW/+rUYRr88d9sTg8YKquv+G3/i8A0j/ht98KQ50="
    },
    "trove4j-1.0.20200330.pom": {
      "url": "https://repo.maven.apache.org/maven2/org/jetbrains/intellij/deps/trove4j/1.0.20200330/trove4j-1.0.20200330.pom",
      "hash": "sha256-h3IcuqZaPJfYsbqdIHhA8WTJ/jh1n8nqEP/iZWX40+k="
    }
  },
  "org.jetbrains.kotlin:kotlin-android-extensions:1.9.25": {
    "kotlin-android-extensions-1.9.25.jar": {
      "url": "https://repo.maven.apache.org/maven2/org/jetbrains/kotlin/kotlin-android-extensions/1.9.25/kotlin-android-extensions-1.9.25.jar",
      "hash": "sha256-VkMofLQv3D91HM++/mRdSGdPgn8vLUG20QheQln7vnc="
    },
    "kotlin-android-extensions-1.9.25.pom": {
      "url": "https://repo.maven.apache.org/maven2/org/jetbrains/kotlin/kotlin-android-extensions/1.9.25/kotlin-android-extensions-1.9.25.pom",
      "hash": "sha256-wSRuV+bQ4ilrDrgvAX4vFXu5md1rMzMc+YAT/NcoFWo="
    }
  },
  "org.jetbrains.kotlin:kotlin-build-common:1.9.25": {
    "kotlin-build-common-1.9.25.jar": {
      "url": "https://repo.maven.apache.org/maven2/org/jetbrains/kotlin/kotlin-build-common/1.9.25/kotlin-build-common-1.9.25.jar",
      "hash": "sha256-6bVH5AtUU6dLGSIcP8FKPq9oBRugoY1YqDehNIF+r5U="
    },
    "kotlin-build-common-1.9.25.pom": {
      "url": "https://repo.maven.apache.org/maven2/org/jetbrains/kotlin/kotlin-build-common/1.9.25/kotlin-build-common-1.9.25.pom",
      "hash": "sha256-kOALD8hlfuDQycMqkH5E0kjbM6UdFy/25VOswdjBxDU="
    }
  },
  "org.jetbrains.kotlin:kotlin-build-tools-api:1.9.25": {
    "kotlin-build-tools-api-1.9.25.jar": {
      "url": "https://repo.maven.apache.org/maven2/org/jetbrains/kotlin/kotlin-build-tools-api/1.9.25/kotlin-build-tools-api-1.9.25.jar",
      "hash": "sha256-T+9ppM/bhvjzRKE4fC72QA7Mm1M0YPErQ5OMKvW1UAc="
    },
    "kotlin-build-tools-api-1.9.25.pom": {
      "url": "https://repo.maven.apache.org/maven2/org/jetbrains/kotlin/kotlin-build-tools-api/1.9.25/kotlin-build-tools-api-1.9.25.pom",
      "hash": "sha256-t0qencDxG2imIxx66HgIrr4y3jr0Pzgr+2PuDA4r+wU="
    }
  },
  "org.jetbrains.kotlin:kotlin-build-tools-impl:1.9.25": {
    "kotlin-build-tools-impl-1.9.25.jar": {
      "url": "https://repo.maven.apache.org/maven2/org/jetbrains/kotlin/kotlin-build-tools-impl/1.9.25/kotlin-build-tools-impl-1.9.25.jar",
      "hash": "sha256-NA+iLazoAqDInpGJC1ul7a2rFodBTQXzTS3T4MNrGKU="
    },
    "kotlin-build-tools-impl-1.9.25.pom": {
      "url": "https://repo.maven.apache.org/maven2/org/jetbrains/kotlin/kotlin-build-tools-impl/1.9.25/kotlin-build-tools-impl-1.9.25.pom",
      "hash": "sha256-bINTXNX2a/6reDm7qDOXBVOv5OlmW6O/8OeKMNiWHOA="
    }
  },
  "org.jetbrains.kotlin:kotlin-compiler-embeddable:1.9.25": {
    "kotlin-compiler-embeddable-1.9.25.jar": {
      "url": "https://repo.maven.apache.org/maven2/org/jetbrains/kotlin/kotlin-compiler-embeddable/1.9.25/kotlin-compiler-embeddable-1.9.25.jar",
      "hash": "sha256-457gti8K15/UXoQzTzSq7pnHKR9ZHd9o4s3N0JtzpHI="
    },
    "kotlin-compiler-embeddable-1.9.25.pom": {
      "url": "https://repo.maven.apache.org/maven2/org/jetbrains/kotlin/kotlin-compiler-embeddable/1.9.25/kotlin-compiler-embeddable-1.9.25.pom",
      "hash": "sha256-JyUPHquQreVLpvPBBPcy+8Ll0+Y4nD52uurEoobJT6U="
    }
  },
  "org.jetbrains.kotlin:kotlin-compiler-runner:1.9.25": {
    "kotlin-compiler-runner-1.9.25.jar": {
      "url": "https://repo.maven.apache.org/maven2/org/jetbrains/kotlin/kotlin-compiler-runner/1.9.25/kotlin-compiler-runner-1.9.25.jar",
      "hash": "sha256-kC3Kn9J3X2P+bki+nKrjdX8O8NdDFQ5D9j/7h7Hj9WA="
    },
    "kotlin-compiler-runner-1.9.25.pom": {
      "url": "https://repo.maven.apache.org/maven2/org/jetbrains/kotlin/kotlin-compiler-runner/1.9.25/kotlin-compiler-runner-1.9.25.pom",
      "hash": "sha256-ZrA8NPcqO/ymVs1Rq78yl8En+bJF9Hr6aLPQDjZSLlU="
    }
  },
  "org.jetbrains.kotlin:kotlin-daemon-client:1.9.25": {
    "kotlin-daemon-client-1.9.25.jar": {
      "url": "https://repo.maven.apache.org/maven2/org/jetbrains/kotlin/kotlin-daemon-client/1.9.25/kotlin-daemon-client-1.9.25.jar",
      "hash": "sha256-Vo/uLaIGilaf7C91HOHsGj1xJ4xSD9DnQKvnOg+YlMI="
    },
    "kotlin-daemon-client-1.9.25.pom": {
      "url": "https://repo.maven.apache.org/maven2/org/jetbrains/kotlin/kotlin-daemon-client/1.9.25/kotlin-daemon-client-1.9.25.pom",
      "hash": "sha256-UMYGB8ElUbrAaw1xwxl10keDZrUUaHKmv/3vy6HV2pE="
    }
  },
  "org.jetbrains.kotlin:kotlin-daemon-embeddable:1.9.25": {
    "kotlin-daemon-embeddable-1.9.25.jar": {
      "url": "https://repo.maven.apache.org/maven2/org/jetbrains/kotlin/kotlin-daemon-embeddable/1.9.25/kotlin-daemon-embeddable-1.9.25.jar",
      "hash": "sha256-bnFrcsSj0pK//wDisNEml1GL+Zy6tzqVK4dXYVNxJEo="
    },
    "kotlin-daemon-embeddable-1.9.25.pom": {
      "url": "https://repo.maven.apache.org/maven2/org/jetbrains/kotlin/kotlin-daemon-embeddable/1.9.25/kotlin-daemon-embeddable-1.9.25.pom",
      "hash": "sha256-GK7jbrdxFQlExyUTpFvh7jV9bB7SRmwyGT7zqUXFavs="
    }
  },
  "org.jetbrains.kotlin:kotlin-gradle-plugin:1.9.25": {
    "kotlin-gradle-plugin-1.9.25-gradle82.jar": {
      "url": "https://repo.maven.apache.org/maven2/org/jetbrains/kotlin/kotlin-gradle-plugin/1.9.25/kotlin-gradle-plugin-1.9.25-gradle82.jar",
      "hash": "sha256-yRc2IyJFifo67tXt7eVH51NiW9WDYNQb/twxH9hRVAI="
    },
    "kotlin-gradle-plugin-1.9.25.module": {
      "url": "https://repo.maven.apache.org/maven2/org/jetbrains/kotlin/kotlin-gradle-plugin/1.9.25/kotlin-gradle-plugin-1.9.25.module",
      "hash": "sha256-vIUddg/ejjmYE0pkDiktjk8BAk4rUXkN7n5DsWQWWu8="
    },
    "kotlin-gradle-plugin-1.9.25.pom": {
      "url": "https://repo.maven.apache.org/maven2/org/jetbrains/kotlin/kotlin-gradle-plugin/1.9.25/kotlin-gradle-plugin-1.9.25.pom",
      "hash": "sha256-b60mgL7eAy0llELqE7gG5BR5Yq9BAF3IGDHnRQdwZ3k="
    }
  },
  "org.jetbrains.kotlin:kotlin-gradle-plugin-annotations:1.9.25": {
    "kotlin-gradle-plugin-annotations-1.9.25.jar": {
      "url": "https://repo.maven.apache.org/maven2/org/jetbrains/kotlin/kotlin-gradle-plugin-annotations/1.9.25/kotlin-gradle-plugin-annotations-1.9.25.jar",
      "hash": "sha256-i30TMDZ9rk2wAUu1Jkwqul8ahK62y+knOwhuRJLc6/4="
    },
    "kotlin-gradle-plugin-annotations-1.9.25.pom": {
      "url": "https://repo.maven.apache.org/maven2/org/jetbrains/kotlin/kotlin-gradle-plugin-annotations/1.9.25/kotlin-gradle-plugin-annotations-1.9.25.pom",
      "hash": "sha256-vKiPQ0zLSVSqXixM1pZxqoPiXotgFQdTYS/fls5+544="
    }
  },
  "org.jetbrains.kotlin:kotlin-gradle-plugin-api:1.9.25": {
    "kotlin-gradle-plugin-api-1.9.25.jar": {
      "url": "https://repo.maven.apache.org/maven2/org/jetbrains/kotlin/kotlin-gradle-plugin-api/1.9.25/kotlin-gradle-plugin-api-1.9.25.jar",
      "hash": "sha256-Tm+/AVuIslAmyulBSUgf+IY5mfznqww+SWnh43lGa5c="
    },
    "kotlin-gradle-plugin-api-1.9.25.module": {
      "url": "https://repo.maven.apache.org/maven2/org/jetbrains/kotlin/kotlin-gradle-plugin-api/1.9.25/kotlin-gradle-plugin-api-1.9.25.module",
      "hash": "sha256-hQ95vgiFuNIPY/rNAFexoml8BSjvbzSVRAMp3xxJrdY="
    },
    "kotlin-gradle-plugin-api-1.9.25.pom": {
      "url": "https://repo.maven.apache.org/maven2/org/jetbrains/kotlin/kotlin-gradle-plugin-api/1.9.25/kotlin-gradle-plugin-api-1.9.25.pom",
      "hash": "sha256-jEcJSfNiljQTZ5PsaPV4DsyagY7pnoI2zXvuQlgsqHY="
    }
  },
  "org.jetbrains.kotlin:kotlin-gradle-plugin-idea:1.9.25": {
    "kotlin-gradle-plugin-idea-1.9.25.jar": {
      "url": "https://repo.maven.apache.org/maven2/org/jetbrains/kotlin/kotlin-gradle-plugin-idea/1.9.25/kotlin-gradle-plugin-idea-1.9.25.jar",
      "hash": "sha256-jRr4djLZUUjxIqn6CuKQPBnub6t9AeAX924NLJoCLCA="
    },
    "kotlin-gradle-plugin-idea-1.9.25.module": {
      "url": "https://repo.maven.apache.org/maven2/org/jetbrains/kotlin/kotlin-gradle-plugin-idea/1.9.25/kotlin-gradle-plugin-idea-1.9.25.module",
      "hash": "sha256-kKS7AKtFOrQOrDi/ke2GOnmP2QHQbGzmcv6gAyFyyTY="
    },
    "kotlin-gradle-plugin-idea-1.9.25.pom": {
      "url": "https://repo.maven.apache.org/maven2/org/jetbrains/kotlin/kotlin-gradle-plugin-idea/1.9.25/kotlin-gradle-plugin-idea-1.9.25.pom",
      "hash": "sha256-sg3lvoPWORzfigoqek6UflTHOg9PcGlC4LzxYl1M2m4="
    }
  },
  "org.jetbrains.kotlin:kotlin-gradle-plugin-idea-proto:1.9.25": {
    "kotlin-gradle-plugin-idea-proto-1.9.25.jar": {
      "url": "https://repo.maven.apache.org/maven2/org/jetbrains/kotlin/kotlin-gradle-plugin-idea-proto/1.9.25/kotlin-gradle-plugin-idea-proto-1.9.25.jar",
      "hash": "sha256-9Nm6Eq0cFQqR47nDFJYwAqZGVJek6qcdQa0mECRLrgU="
    },
    "kotlin-gradle-plugin-idea-proto-1.9.25.pom": {
      "url": "https://repo.maven.apache.org/maven2/org/jetbrains/kotlin/kotlin-gradle-plugin-idea-proto/1.9.25/kotlin-gradle-plugin-idea-proto-1.9.25.pom",
      "hash": "sha256-3eC1wKcpN+ZEH+j1KUn7y5N0Pik05VZHkVeFG8o8PPM="
    }
  },
  "org.jetbrains.kotlin:kotlin-gradle-plugin-model:1.9.25": {
    "kotlin-gradle-plugin-model-1.9.25.jar": {
      "url": "https://repo.maven.apache.org/maven2/org/jetbrains/kotlin/kotlin-gradle-plugin-model/1.9.25/kotlin-gradle-plugin-model-1.9.25.jar",
      "hash": "sha256-zpwf9/xPjdwxKURnquqbIaSxCBnIUPTtM9LExLT+1hg="
    },
    "kotlin-gradle-plugin-model-1.9.25.module": {
      "url": "https://repo.maven.apache.org/maven2/org/jetbrains/kotlin/kotlin-gradle-plugin-model/1.9.25/kotlin-gradle-plugin-model-1.9.25.module",
      "hash": "sha256-yS7r9QO4BNYWhJg5bC5vlbbhRMRpvaZgy4MIgBraJaA="
    },
    "kotlin-gradle-plugin-model-1.9.25.pom": {
      "url": "https://repo.maven.apache.org/maven2/org/jetbrains/kotlin/kotlin-gradle-plugin-model/1.9.25/kotlin-gradle-plugin-model-1.9.25.pom",
      "hash": "sha256-lMuhnrXGRGi8bAtSOcewcFg7yVVz/tUHhThyh/lT1r0="
    }
  },
  "org.jetbrains.kotlin:kotlin-gradle-plugins-bom:1.9.25": {
    "kotlin-gradle-plugins-bom-1.9.25.module": {
      "url": "https://repo.maven.apache.org/maven2/org/jetbrains/kotlin/kotlin-gradle-plugins-bom/1.9.25/kotlin-gradle-plugins-bom-1.9.25.module",
      "hash": "sha256-NnJME2V4UrTQaH8ta+GMbGP828X7KcgXMPYnd3M7d54="
    },
    "kotlin-gradle-plugins-bom-1.9.25.pom": {
      "url": "https://repo.maven.apache.org/maven2/org/jetbrains/kotlin/kotlin-gradle-plugins-bom/1.9.25/kotlin-gradle-plugins-bom-1.9.25.pom",
      "hash": "sha256-/qZOCmGlCzFeIAqG1aEGPgi6Z3yW75FaSTa3WDhYINQ="
    }
  },
  "org.jetbrains.kotlin:kotlin-klib-commonizer-api:1.9.25": {
    "kotlin-klib-commonizer-api-1.9.25.jar": {
      "url": "https://repo.maven.apache.org/maven2/org/jetbrains/kotlin/kotlin-klib-commonizer-api/1.9.25/kotlin-klib-commonizer-api-1.9.25.jar",
      "hash": "sha256-GpJvDIguqw3YUWnsNymAvDcbyA1g/Zy3WFlvF6kmGqw="
    },
    "kotlin-klib-commonizer-api-1.9.25.pom": {
      "url": "https://repo.maven.apache.org/maven2/org/jetbrains/kotlin/kotlin-klib-commonizer-api/1.9.25/kotlin-klib-commonizer-api-1.9.25.pom",
      "hash": "sha256-nnWW6QFsMe9afwiaAs6yhXVT+r0XbBQasoXT3tHxD5M="
    }
  },
  "org.jetbrains.kotlin:kotlin-klib-commonizer-embeddable:1.9.25": {
    "kotlin-klib-commonizer-embeddable-1.9.25.jar": {
      "url": "https://repo.maven.apache.org/maven2/org/jetbrains/kotlin/kotlin-klib-commonizer-embeddable/1.9.25/kotlin-klib-commonizer-embeddable-1.9.25.jar",
      "hash": "sha256-PFuNL1MYa/s0egod/7Wa+POsiTYo+lAIiz9D+wXg1JU="
    },
    "kotlin-klib-commonizer-embeddable-1.9.25.pom": {
      "url": "https://repo.maven.apache.org/maven2/org/jetbrains/kotlin/kotlin-klib-commonizer-embeddable/1.9.25/kotlin-klib-commonizer-embeddable-1.9.25.pom",
      "hash": "sha256-/SPh4VTwPeifpO3WWZsbyznFExbHk4irZjJbz4e6brg="
    }
  },
  "org.jetbrains.kotlin:kotlin-native-utils:1.9.25": {
    "kotlin-native-utils-1.9.25.jar": {
      "url": "https://repo.maven.apache.org/maven2/org/jetbrains/kotlin/kotlin-native-utils/1.9.25/kotlin-native-utils-1.9.25.jar",
      "hash": "sha256-NsHrjwtLArYUHKHKt7N8LIHUZmgPGtrWAGfI4twbHbg="
    },
    "kotlin-native-utils-1.9.25.pom": {
      "url": "https://repo.maven.apache.org/maven2/org/jetbrains/kotlin/kotlin-native-utils/1.9.25/kotlin-native-utils-1.9.25.pom",
      "hash": "sha256-X3kANA/FoTNvUBkklVvSaCwTwFkFc5S/N55VlZMZ3is="
    }
  },
  "org.jetbrains.kotlin:kotlin-project-model:1.9.25": {
    "kotlin-project-model-1.9.25.jar": {
      "url": "https://repo.maven.apache.org/maven2/org/jetbrains/kotlin/kotlin-project-model/1.9.25/kotlin-project-model-1.9.25.jar",
      "hash": "sha256-ncrZDhYnefnVDRQnxfGM3PzPf/uXX+OlKpVgE01Zc84="
    },
    "kotlin-project-model-1.9.25.pom": {
      "url": "https://repo.maven.apache.org/maven2/org/jetbrains/kotlin/kotlin-project-model/1.9.25/kotlin-project-model-1.9.25.pom",
      "hash": "sha256-wrx/LHDp6UjGPenbQ57a6IJHzZpzsp6vHGyu2xH9m8M="
    }
  },
  "org.jetbrains.kotlin:kotlin-reflect:1.6.10": {
    "kotlin-reflect-1.6.10.jar": {
      "url": "https://repo.maven.apache.org/maven2/org/jetbrains/kotlin/kotlin-reflect/1.6.10/kotlin-reflect-1.6.10.jar",
      "hash": "sha256-MnesECrheq0QpVq+x1/1aWyNEJeQOWQ0tJbnUIeFQgM="
    },
    "kotlin-reflect-1.6.10.pom": {
      "url": "https://repo.maven.apache.org/maven2/org/jetbrains/kotlin/kotlin-reflect/1.6.10/kotlin-reflect-1.6.10.pom",
      "hash": "sha256-V5BVJCdKAK4CiqzMJyg/a8WSWpNKBGwcxdBsjuTW1ak="
    }
  },
  "org.jetbrains.kotlin:kotlin-script-runtime:1.9.25": {
    "kotlin-script-runtime-1.9.25.jar": {
      "url": "https://repo.maven.apache.org/maven2/org/jetbrains/kotlin/kotlin-script-runtime/1.9.25/kotlin-script-runtime-1.9.25.jar",
      "hash": "sha256-mTPt1md7aqxG0bXv/aGt7pBj+7BMdG54tAM5gVirr0c="
    },
    "kotlin-script-runtime-1.9.25.pom": {
      "url": "https://repo.maven.apache.org/maven2/org/jetbrains/kotlin/kotlin-script-runtime/1.9.25/kotlin-script-runtime-1.9.25.pom",
      "hash": "sha256-5C4NOvWI1dAbhPbJmXQAnV5i1Ni5OS+lay7BD4U1IJs="
    }
  },
  "org.jetbrains.kotlin:kotlin-scripting-common:1.9.25": {
    "kotlin-scripting-common-1.9.25.jar": {
      "url": "https://repo.maven.apache.org/maven2/org/jetbrains/kotlin/kotlin-scripting-common/1.9.25/kotlin-scripting-common-1.9.25.jar",
      "hash": "sha256-I53rNUBvOWyvhNNNetAAURsLKfwvzT38v0VA8OqKgZ0="
    },
    "kotlin-scripting-common-1.9.25.pom": {
      "url": "https://repo.maven.apache.org/maven2/org/jetbrains/kotlin/kotlin-scripting-common/1.9.25/kotlin-scripting-common-1.9.25.pom",
      "hash": "sha256-DbLiJ8H0gWEg2hiE2CzKdZT9jef+dObHRLF3ZYJhoYw="
    }
  },
  "org.jetbrains.kotlin:kotlin-scripting-compiler-embeddable:1.9.25": {
    "kotlin-scripting-compiler-embeddable-1.9.25.jar": {
      "url": "https://repo.maven.apache.org/maven2/org/jetbrains/kotlin/kotlin-scripting-compiler-embeddable/1.9.25/kotlin-scripting-compiler-embeddable-1.9.25.jar",
      "hash": "sha256-St/efrGWxVhp8cWla5xVfKY+2p0cvwrdeq0MuZpJXsM="
    },
    "kotlin-scripting-compiler-embeddable-1.9.25.pom": {
      "url": "https://repo.maven.apache.org/maven2/org/jetbrains/kotlin/kotlin-scripting-compiler-embeddable/1.9.25/kotlin-scripting-compiler-embeddable-1.9.25.pom",
      "hash": "sha256-BPqVk4/XrMqTU9uFlv3IwYcgbxcgX6d1XEOzbPbZBW8="
    }
  },
  "org.jetbrains.kotlin:kotlin-scripting-compiler-impl-embeddable:1.9.25": {
    "kotlin-scripting-compiler-impl-embeddable-1.9.25.jar": {
      "url": "https://repo.maven.apache.org/maven2/org/jetbrains/kotlin/kotlin-scripting-compiler-impl-embeddable/1.9.25/kotlin-scripting-compiler-impl-embeddable-1.9.25.jar",
      "hash": "sha256-smxe2F9Uho1L7tEN91Vj3AC0tDF4Mvx+En+wUZagWSo="
    },
    "kotlin-scripting-compiler-impl-embeddable-1.9.25.pom": {
      "url": "https://repo.maven.apache.org/maven2/org/jetbrains/kotlin/kotlin-scripting-compiler-impl-embeddable/1.9.25/kotlin-scripting-compiler-impl-embeddable-1.9.25.pom",
      "hash": "sha256-GBIjsvoeLaglLryF1qMQ1sHAvStrcF22VVpGRUgqYao="
    }
  },
  "org.jetbrains.kotlin:kotlin-scripting-jvm:1.9.25": {
    "kotlin-scripting-jvm-1.9.25.jar": {
      "url": "https://repo.maven.apache.org/maven2/org/jetbrains/kotlin/kotlin-scripting-jvm/1.9.25/kotlin-scripting-jvm-1.9.25.jar",
      "hash": "sha256-AN2ark7Gui5tUn5MkcAL23gUIGuGKVjeovl0WJs5hzo="
    },
    "kotlin-scripting-jvm-1.9.25.pom": {
      "url": "https://repo.maven.apache.org/maven2/org/jetbrains/kotlin/kotlin-scripting-jvm/1.9.25/kotlin-scripting-jvm-1.9.25.pom",
      "hash": "sha256-J6/IA62/RLTtB+n6/rIdwTmA83hVgS1jcLRV8MD2hzQ="
    }
  },
  "org.jetbrains.kotlin:kotlin-stdlib:1.9.25": {
    "kotlin-stdlib-1.9.25-all.jar": {
      "url": "https://repo.maven.apache.org/maven2/org/jetbrains/kotlin/kotlin-stdlib/1.9.25/kotlin-stdlib-1.9.25-all.jar",
      "hash": "sha256-zsOLwzAucqiq+c3kNrWpBx7gMx4q0F6E2LuJczTX6dQ="
    },
    "kotlin-stdlib-1.9.25.jar": {
      "url": "https://repo.maven.apache.org/maven2/org/jetbrains/kotlin/kotlin-stdlib/1.9.25/kotlin-stdlib-1.9.25.jar",
      "hash": "sha256-+c3Nv/H13oU4CuUml35oNybCqkLbHtbm5Qronklulf0="
    },
    "kotlin-stdlib-1.9.25.module": {
      "url": "https://repo.maven.apache.org/maven2/org/jetbrains/kotlin/kotlin-stdlib/1.9.25/kotlin-stdlib-1.9.25.module",
      "hash": "sha256-Q+BqZsO3XKPkxcswSWjqg1ImJHuj9WExK9Gepi3oRqc="
    },
    "kotlin-stdlib-1.9.25.pom": {
      "url": "https://repo.maven.apache.org/maven2/org/jetbrains/kotlin/kotlin-stdlib/1.9.25/kotlin-stdlib-1.9.25.pom",
      "hash": "sha256-fcMxikdte5AtDSevm1b2Y+jMQmOi0zrQUMertlpbZ6E="
    }
  },
  "org.jetbrains.kotlin:kotlin-stdlib-common:1.9.25": {
    "kotlin-stdlib-common-1.9.25.module": {
      "url": "https://repo.maven.apache.org/maven2/org/jetbrains/kotlin/kotlin-stdlib-common/1.9.25/kotlin-stdlib-common-1.9.25.module",
      "hash": "sha256-nJkuPM2uYBpPiECE3Kta70UYX0/FCQv7QK9HnHyDhis="
    },
    "kotlin-stdlib-common-1.9.25.pom": {
      "url": "https://repo.maven.apache.org/maven2/org/jetbrains/kotlin/kotlin-stdlib-common/1.9.25/kotlin-stdlib-common-1.9.25.pom",
      "hash": "sha256-dsje70nrW1nfcH/Phx5C1RetTJm1WYdeFSLRGF6/Cfc="
    }
  },
  "org.jetbrains.kotlin:kotlin-tooling-core:1.9.25": {
    "kotlin-tooling-core-1.9.25.jar": {
      "url": "https://repo.maven.apache.org/maven2/org/jetbrains/kotlin/kotlin-tooling-core/1.9.25/kotlin-tooling-core-1.9.25.jar",
      "hash": "sha256-iTjrl+NjINqj5vsqYP0qBbIy/0pVcXPFAZ8EW4gy2fQ="
    },
    "kotlin-tooling-core-1.9.25.pom": {
      "url": "https://repo.maven.apache.org/maven2/org/jetbrains/kotlin/kotlin-tooling-core/1.9.25/kotlin-tooling-core-1.9.25.pom",
      "hash": "sha256-QoGl0uFd79t8MuZqIZg/hDY7hfQ9xn5oO+d7urgcnf0="
    }
  },
  "org.jetbrains.kotlin:kotlin-util-io:1.9.25": {
    "kotlin-util-io-1.9.25.jar": {
      "url": "https://repo.maven.apache.org/maven2/org/jetbrains/kotlin/kotlin-util-io/1.9.25/kotlin-util-io-1.9.25.jar",
      "hash": "sha256-FJ7k/TvG74tSWpeUw6QyiCgdhqcOOkEasK0Qm7usdOk="
    },
    "kotlin-util-io-1.9.25.pom": {
      "url": "https://repo.maven.apache.org/maven2/org/jetbrains/kotlin/kotlin-util-io/1.9.25/kotlin-util-io-1.9.25.pom",
      "hash": "sha256-QIDQLR9NtXMH8+BFvSqhKTADtEEdYYE8hf2VvHHcpd8="
    }
  },
  "org.jetbrains.kotlin:kotlin-util-klib:1.9.25": {
    "kotlin-util-klib-1.9.25.jar": {
      "url": "https://repo.maven.apache.org/maven2/org/jetbrains/kotlin/kotlin-util-klib/1.9.25/kotlin-util-klib-1.9.25.jar",
      "hash": "sha256-mbL/7WoTvpFNcr6eF4UUMJvW1FN6Rv+ZlsTQ9r/mRTs="
    },
    "kotlin-util-klib-1.9.25.pom": {
      "url": "https://repo.maven.apache.org/maven2/org/jetbrains/kotlin/kotlin-util-klib/1.9.25/kotlin-util-klib-1.9.25.pom",
      "hash": "sha256-2v9FXMRT3N6LfVQCN6Ci8RTqN0199ww/WT2+nK6iI0c="
    }
  },
  "org.jetbrains.kotlinx:kotlinx-coroutines-core-jvm:1.5.0": {
    "kotlinx-coroutines-core-jvm-1.5.0.jar": {
      "url": "https://repo.maven.apache.org/maven2/org/jetbrains/kotlinx/kotlinx-coroutines-core-jvm/1.5.0/kotlinx-coroutines-core-jvm-1.5.0.jar",
      "hash": "sha256-eNbMcTX4TWkv83Uvz9H6G74JQNffcGUuTx6u7Ax4r7s="
    },
    "kotlinx-coroutines-core-jvm-1.5.0.module": {
      "url": "https://repo.maven.apache.org/maven2/org/jetbrains/kotlinx/kotlinx-coroutines-core-jvm/1.5.0/kotlinx-coroutines-core-jvm-1.5.0.module",
      "hash": "sha256-yIXdAoEHbFhDgm3jF+PLzcPYhZ2+71OuHPrNG5xg+W4="
    },
    "kotlinx-coroutines-core-jvm-1.5.0.pom": {
      "url": "https://repo.maven.apache.org/maven2/org/jetbrains/kotlinx/kotlinx-coroutines-core-jvm/1.5.0/kotlinx-coroutines-core-jvm-1.5.0.pom",
      "hash": "sha256-U2IuA3eN+EQPwBIgGjW7S9/kAWTv7GErvvze7LL/wqs="
    }
  },
  "org.sonatype.oss:oss-parent:9": {
    "oss-parent-9.pom": {
      "url": "https://repo.maven.apache.org/maven2/org/sonatype/oss/oss-parent/9/oss-parent-9.pom",
      "hash": "sha256-+0AmX5glSCEv+C42LllzKyGH7G8NgBgohcFO8fmCgno="
    }
  },
  "org.sonatype.oss:oss-parent:7": {
    "oss-parent-7.pom": {
      "url": "https://repo.maven.apache.org/maven2/org/sonatype/oss/oss-parent/7/oss-parent-7.pom",
      "hash": "sha256-tR+IZ8kranIkmVV/w6H96ne9+e9XRyL+kM5DailVlFQ="
    }
  }
}
